// !$*UTF8*$!
{
	archiveVersion = 1;
	classes = {
	};
	objectVersion = 45;
	objects = {

/* Begin PBXBuildFile section */
		A9377849118898A30005F42F /* drawer_gl_utility.cpp in Sources */ = {isa = PBXBuildFile; fileRef = A9377844118898A30005F42F /* drawer_gl_utility.cpp */; };
		A937784A118898A30005F42F /* drawer.cpp in Sources */ = {isa = PBXBuildFile; fileRef = A9377845118898A30005F42F /* drawer.cpp */; };
		A937784B118898A30005F42F /* quaternion.cpp in Sources */ = {isa = PBXBuildFile; fileRef = A9377846118898A30005F42F /* quaternion.cpp */; };
		A937784C118898A30005F42F /* uglyfont.cpp in Sources */ = {isa = PBXBuildFile; fileRef = A9377847118898A30005F42F /* uglyfont.cpp */; };
		A937784D118898A30005F42F /* vector3d.cpp in Sources */ = {isa = PBXBuildFile; fileRef = A9377848118898A30005F42F /* vector3d.cpp */; };
		A937786A11889A3D0005F42F /* brep.cpp in Sources */ = {isa = PBXBuildFile; fileRef = A937786511889A3D0005F42F /* brep.cpp */; };
		A937786B11889A3D0005F42F /* brep2d.cpp in Sources */ = {isa = PBXBuildFile; fileRef = A937786611889A3D0005F42F /* brep2d.cpp */; };
		A937786C11889A3D0005F42F /* cad_elem2d.cpp in Sources */ = {isa = PBXBuildFile; fileRef = A937786711889A3D0005F42F /* cad_elem2d.cpp */; };
		A937786D11889A3D0005F42F /* cad_obj2d.cpp in Sources */ = {isa = PBXBuildFile; fileRef = A937786811889A3D0005F42F /* cad_obj2d.cpp */; };
		A937786E11889A3D0005F42F /* drawer_cad.cpp in Sources */ = {isa = PBXBuildFile; fileRef = A937786911889A3D0005F42F /* drawer_cad.cpp */; };
		A937787E11889AA90005F42F /* drawer_msh.cpp in Sources */ = {isa = PBXBuildFile; fileRef = A937787711889AA90005F42F /* drawer_msh.cpp */; };
		A937787F11889AA90005F42F /* mesh3d_extrude.cpp in Sources */ = {isa = PBXBuildFile; fileRef = A937787811889AA90005F42F /* mesh3d_extrude.cpp */; };
		A937788011889AA90005F42F /* mesh3d.cpp in Sources */ = {isa = PBXBuildFile; fileRef = A937787911889AA90005F42F /* mesh3d.cpp */; };
		A937788111889AA90005F42F /* mesher2d.cpp in Sources */ = {isa = PBXBuildFile; fileRef = A937787A11889AA90005F42F /* mesher2d.cpp */; };
		A937788211889AA90005F42F /* mesher3d.cpp in Sources */ = {isa = PBXBuildFile; fileRef = A937787B11889AA90005F42F /* mesher3d.cpp */; };
		A937788311889AA90005F42F /* meshkernel2d.cpp in Sources */ = {isa = PBXBuildFile; fileRef = A937787C11889AA90005F42F /* meshkernel2d.cpp */; };
		A937788411889AA90005F42F /* meshkernel3d.cpp in Sources */ = {isa = PBXBuildFile; fileRef = A937787D11889AA90005F42F /* meshkernel3d.cpp */; };
		A937789811889B490005F42F /* mat_blkcrs.cpp in Sources */ = {isa = PBXBuildFile; fileRef = A937788911889B490005F42F /* mat_blkcrs.cpp */; };
		A937789911889B490005F42F /* matdia_blkcrs.cpp in Sources */ = {isa = PBXBuildFile; fileRef = A937788A11889B490005F42F /* matdia_blkcrs.cpp */; };
		A937789A11889B490005F42F /* matdiafrac_blkcrs.cpp in Sources */ = {isa = PBXBuildFile; fileRef = A937788B11889B490005F42F /* matdiafrac_blkcrs.cpp */; };
		A937789B11889B490005F42F /* matdiainv_blkdia.cpp in Sources */ = {isa = PBXBuildFile; fileRef = A937788C11889B490005F42F /* matdiainv_blkdia.cpp */; };
		A937789C11889B490005F42F /* matfrac_blkcrs.cpp in Sources */ = {isa = PBXBuildFile; fileRef = A937788D11889B490005F42F /* matfrac_blkcrs.cpp */; };
		A937789D11889B490005F42F /* matprolong_blkcrs.cpp in Sources */ = {isa = PBXBuildFile; fileRef = A937788E11889B490005F42F /* matprolong_blkcrs.cpp */; };
		A937789E11889B490005F42F /* ordering_blk.cpp in Sources */ = {isa = PBXBuildFile; fileRef = A937788F11889B490005F42F /* ordering_blk.cpp */; };
		A937789F11889B490005F42F /* solver_mat_iter.cpp in Sources */ = {isa = PBXBuildFile; fileRef = A937789011889B490005F42F /* solver_mat_iter.cpp */; };
		A93778A011889B490005F42F /* solver_mg.cpp in Sources */ = {isa = PBXBuildFile; fileRef = A937789111889B490005F42F /* solver_mg.cpp */; };
		A93778A111889B490005F42F /* vector_blk.cpp in Sources */ = {isa = PBXBuildFile; fileRef = A937789211889B490005F42F /* vector_blk.cpp */; };
		A93778A211889B490005F42F /* zmat_blkcrs.cpp in Sources */ = {isa = PBXBuildFile; fileRef = A937789311889B490005F42F /* zmat_blkcrs.cpp */; };
		A93778A311889B490005F42F /* zmatdia_blkcrs.cpp in Sources */ = {isa = PBXBuildFile; fileRef = A937789411889B490005F42F /* zmatdia_blkcrs.cpp */; };
		A93778A411889B490005F42F /* zmatdiafrac_blkcrs.cpp in Sources */ = {isa = PBXBuildFile; fileRef = A937789511889B490005F42F /* zmatdiafrac_blkcrs.cpp */; };
		A93778A511889B490005F42F /* zsolver_mat_iter.cpp in Sources */ = {isa = PBXBuildFile; fileRef = A937789611889B490005F42F /* zsolver_mat_iter.cpp */; };
		A93778A611889B490005F42F /* zvector_blk.cpp in Sources */ = {isa = PBXBuildFile; fileRef = A937789711889B490005F42F /* zvector_blk.cpp */; };
		A93778B311889C3B0005F42F /* eigen_lanczos.cpp in Sources */ = {isa = PBXBuildFile; fileRef = A93778AF11889C3A0005F42F /* eigen_lanczos.cpp */; };
		A93778B411889C3B0005F42F /* linearsystem.cpp in Sources */ = {isa = PBXBuildFile; fileRef = A93778B011889C3B0005F42F /* linearsystem.cpp */; };
		A93778B511889C3B0005F42F /* preconditioner.cpp in Sources */ = {isa = PBXBuildFile; fileRef = A93778B111889C3B0005F42F /* preconditioner.cpp */; };
		A93778B611889C3B0005F42F /* solver_ls_iter.cpp in Sources */ = {isa = PBXBuildFile; fileRef = A93778B211889C3B0005F42F /* solver_ls_iter.cpp */; };
		A93778CA11889CD30005F42F /* drawer_field_edge.cpp in Sources */ = {isa = PBXBuildFile; fileRef = A93778BF11889CD30005F42F /* drawer_field_edge.cpp */; };
		A93778CB11889CD30005F42F /* drawer_field_face.cpp in Sources */ = {isa = PBXBuildFile; fileRef = A93778C011889CD30005F42F /* drawer_field_face.cpp */; };
		A93778CC11889CD30005F42F /* drawer_field_image_based_flow_vis.cpp in Sources */ = {isa = PBXBuildFile; fileRef = A93778C111889CD30005F42F /* drawer_field_image_based_flow_vis.cpp */; };
		A93778CD11889CD30005F42F /* drawer_field_streamline.cpp in Sources */ = {isa = PBXBuildFile; fileRef = A93778C211889CD30005F42F /* drawer_field_streamline.cpp */; };
		A93778CE11889CD30005F42F /* drawer_field_vector.cpp in Sources */ = {isa = PBXBuildFile; fileRef = A93778C311889CD30005F42F /* drawer_field_vector.cpp */; };
		A93778CF11889CD30005F42F /* drawer_field.cpp in Sources */ = {isa = PBXBuildFile; fileRef = A93778C411889CD30005F42F /* drawer_field.cpp */; };
		A93778D011889CD30005F42F /* elem_ary.cpp in Sources */ = {isa = PBXBuildFile; fileRef = A93778C511889CD30005F42F /* elem_ary.cpp */; };
		A93778D111889CD30005F42F /* eval.cpp in Sources */ = {isa = PBXBuildFile; fileRef = A93778C611889CD30005F42F /* eval.cpp */; };
		A93778D211889CD30005F42F /* field_world.cpp in Sources */ = {isa = PBXBuildFile; fileRef = A93778C711889CD30005F42F /* field_world.cpp */; };
		A93778D311889CD30005F42F /* field.cpp in Sources */ = {isa = PBXBuildFile; fileRef = A93778C811889CD30005F42F /* field.cpp */; };
		A93778D411889CD30005F42F /* node_ary.cpp in Sources */ = {isa = PBXBuildFile; fileRef = A93778C911889CD30005F42F /* node_ary.cpp */; };
		A93778E611889CFB0005F42F /* eqn_advection_diffusion.cpp in Sources */ = {isa = PBXBuildFile; fileRef = A93778D611889CFB0005F42F /* eqn_advection_diffusion.cpp */; };
		A93778E711889CFB0005F42F /* eqn_diffusion.cpp in Sources */ = {isa = PBXBuildFile; fileRef = A93778D711889CFB0005F42F /* eqn_diffusion.cpp */; };
		A93778E811889CFB0005F42F /* eqn_dkt.cpp in Sources */ = {isa = PBXBuildFile; fileRef = A93778D811889CFB0005F42F /* eqn_dkt.cpp */; };
		A93778E911889CFB0005F42F /* eqn_helmholtz.cpp in Sources */ = {isa = PBXBuildFile; fileRef = A93778D911889CFB0005F42F /* eqn_helmholtz.cpp */; };
		A93778EA11889CFB0005F42F /* eqn_hyper.cpp in Sources */ = {isa = PBXBuildFile; fileRef = A93778DA11889CFB0005F42F /* eqn_hyper.cpp */; };
		A93778EC11889CFB0005F42F /* eqn_navier_stokes.cpp in Sources */ = {isa = PBXBuildFile; fileRef = A93778DC11889CFB0005F42F /* eqn_navier_stokes.cpp */; };
		A93778ED11889CFB0005F42F /* eqn_poisson.cpp in Sources */ = {isa = PBXBuildFile; fileRef = A93778DD11889CFB0005F42F /* eqn_poisson.cpp */; };
		A93778EE11889CFB0005F42F /* eqn_st_venant.cpp in Sources */ = {isa = PBXBuildFile; fileRef = A93778DE11889CFB0005F42F /* eqn_st_venant.cpp */; };
		A93778EF11889CFB0005F42F /* eqn_stokes.cpp in Sources */ = {isa = PBXBuildFile; fileRef = A93778DF11889CFB0005F42F /* eqn_stokes.cpp */; };
		A93778F011889CFB0005F42F /* eqnsys_fluid.cpp in Sources */ = {isa = PBXBuildFile; fileRef = A93778E011889CFB0005F42F /* eqnsys_fluid.cpp */; };
		A93778F111889CFB0005F42F /* eqnsys_scalar.cpp in Sources */ = {isa = PBXBuildFile; fileRef = A93778E111889CFB0005F42F /* eqnsys_scalar.cpp */; };
		A93778F211889CFB0005F42F /* eqnsys_shell.cpp in Sources */ = {isa = PBXBuildFile; fileRef = A93778E211889CFB0005F42F /* eqnsys_shell.cpp */; };
		A93778F311889CFB0005F42F /* eqnsys_solid.cpp in Sources */ = {isa = PBXBuildFile; fileRef = A93778E311889CFB0005F42F /* eqnsys_solid.cpp */; };
		A93778F411889CFB0005F42F /* eqnsys.cpp in Sources */ = {isa = PBXBuildFile; fileRef = A93778E411889CFB0005F42F /* eqnsys.cpp */; };
		A93778F511889CFB0005F42F /* ker_emat_tri.cpp in Sources */ = {isa = PBXBuildFile; fileRef = A93778E511889CFB0005F42F /* ker_emat_tri.cpp */; };
		A93778FC11889D2A0005F42F /* linearsystem_field.cpp in Sources */ = {isa = PBXBuildFile; fileRef = A93778F811889D2A0005F42F /* linearsystem_field.cpp */; };
		A93778FD11889D2A0005F42F /* linearsystem_fieldsave.cpp in Sources */ = {isa = PBXBuildFile; fileRef = A93778F911889D2A0005F42F /* linearsystem_fieldsave.cpp */; };
		A93778FE11889D2A0005F42F /* zlinearsystem.cpp in Sources */ = {isa = PBXBuildFile; fileRef = A93778FA11889D2A0005F42F /* zlinearsystem.cpp */; };
		A93778FF11889D2A0005F42F /* zsolver_ls_iter.cpp in Sources */ = {isa = PBXBuildFile; fileRef = A93778FB11889D2A0005F42F /* zsolver_ls_iter.cpp */; };
		A9A027E7118DAD0500F2D39A /* linearsystem_rigid.cpp in Sources */ = {isa = PBXBuildFile; fileRef = A9A027E4118DAD0500F2D39A /* linearsystem_rigid.cpp */; };
		A9A027E8118DAD0500F2D39A /* linearsystem_rigidfield.cpp in Sources */ = {isa = PBXBuildFile; fileRef = A9A027E5118DAD0500F2D39A /* linearsystem_rigidfield.cpp */; };
		A9A027E9118DAD0500F2D39A /* rigidbody.cpp in Sources */ = {isa = PBXBuildFile; fileRef = A9A027E6118DAD0500F2D39A /* rigidbody.cpp */; };
		A9A02917118DB87700F2D39A /* brep.h in Headers */ = {isa = PBXBuildFile; fileRef = A9A028B5118DB87700F2D39A /* brep.h */; };
		A9A02918118DB87700F2D39A /* brep2d.h in Headers */ = {isa = PBXBuildFile; fileRef = A9A028B6118DB87700F2D39A /* brep2d.h */; };
		A9A02919118DB87700F2D39A /* cad_elem2d.h in Headers */ = {isa = PBXBuildFile; fileRef = A9A028B7118DB87700F2D39A /* cad_elem2d.h */; };
		A9A0291A118DB87700F2D39A /* objset_cad.h in Headers */ = {isa = PBXBuildFile; fileRef = A9A028B8118DB87700F2D39A /* objset_cad.h */; };
		A9A0291B118DB87700F2D39A /* truss2d.h in Headers */ = {isa = PBXBuildFile; fileRef = A9A028B9118DB87700F2D39A /* truss2d.h */; };
		A9A0291C118DB87700F2D39A /* cad_com.h in Headers */ = {isa = PBXBuildFile; fileRef = A9A028BA118DB87700F2D39A /* cad_com.h */; };
		A9A0291D118DB87700F2D39A /* cad_obj2d.h in Headers */ = {isa = PBXBuildFile; fileRef = A9A028BB118DB87700F2D39A /* cad_obj2d.h */; };
		A9A0291E118DB87700F2D39A /* cad2d_interface.h in Headers */ = {isa = PBXBuildFile; fileRef = A9A028BC118DB87700F2D39A /* cad2d_interface.h */; };
		A9A0291F118DB87700F2D39A /* camera.h in Headers */ = {isa = PBXBuildFile; fileRef = A9A028BD118DB87700F2D39A /* camera.h */; };
		A9A02920118DB87700F2D39A /* complex.h in Headers */ = {isa = PBXBuildFile; fileRef = A9A028BE118DB87700F2D39A /* complex.h */; };
		A9A02921118DB87700F2D39A /* drawer_cad.h in Headers */ = {isa = PBXBuildFile; fileRef = A9A028BF118DB87700F2D39A /* drawer_cad.h */; };
		A9A02922118DB87700F2D39A /* drawer_field_edge.h in Headers */ = {isa = PBXBuildFile; fileRef = A9A028C0118DB87700F2D39A /* drawer_field_edge.h */; };
		A9A02923118DB87700F2D39A /* drawer_field_face.h in Headers */ = {isa = PBXBuildFile; fileRef = A9A028C1118DB87700F2D39A /* drawer_field_face.h */; };
		A9A02924118DB87700F2D39A /* drawer_field_image_based_flow_vis.h in Headers */ = {isa = PBXBuildFile; fileRef = A9A028C2118DB87700F2D39A /* drawer_field_image_based_flow_vis.h */; };
		A9A02925118DB87700F2D39A /* drawer_field_streamline.h in Headers */ = {isa = PBXBuildFile; fileRef = A9A028C3118DB87700F2D39A /* drawer_field_streamline.h */; };
		A9A02926118DB87700F2D39A /* drawer_field_vector.h in Headers */ = {isa = PBXBuildFile; fileRef = A9A028C4118DB87700F2D39A /* drawer_field_vector.h */; };
		A9A02927118DB87700F2D39A /* drawer_field.h in Headers */ = {isa = PBXBuildFile; fileRef = A9A028C5118DB87700F2D39A /* drawer_field.h */; };
		A9A02928118DB87700F2D39A /* drawer_gl_utility.h in Headers */ = {isa = PBXBuildFile; fileRef = A9A028C6118DB87700F2D39A /* drawer_gl_utility.h */; };
		A9A02929118DB87700F2D39A /* drawer_msh.h in Headers */ = {isa = PBXBuildFile; fileRef = A9A028C7118DB87700F2D39A /* drawer_msh.h */; };
		A9A0292A118DB87700F2D39A /* drawer.h in Headers */ = {isa = PBXBuildFile; fileRef = A9A028C8118DB87700F2D39A /* drawer.h */; };
		A9A0292B118DB87700F2D39A /* elem_ary.h in Headers */ = {isa = PBXBuildFile; fileRef = A9A028C9118DB87700F2D39A /* elem_ary.h */; };
		A9A0292C118DB87700F2D39A /* eqnsys_fluid.h in Headers */ = {isa = PBXBuildFile; fileRef = A9A028CA118DB87700F2D39A /* eqnsys_fluid.h */; };
		A9A0292D118DB87700F2D39A /* eqnsys_scalar.h in Headers */ = {isa = PBXBuildFile; fileRef = A9A028CB118DB87700F2D39A /* eqnsys_scalar.h */; };
		A9A0292E118DB87700F2D39A /* eqnsys_shell.h in Headers */ = {isa = PBXBuildFile; fileRef = A9A028CC118DB87700F2D39A /* eqnsys_shell.h */; };
		A9A0292F118DB87700F2D39A /* eqnsys_solid.h in Headers */ = {isa = PBXBuildFile; fileRef = A9A028CD118DB87700F2D39A /* eqnsys_solid.h */; };
		A9A02930118DB87700F2D39A /* eqnsys.h in Headers */ = {isa = PBXBuildFile; fileRef = A9A028CE118DB87700F2D39A /* eqnsys.h */; };
		A9A02931118DB87700F2D39A /* eval.h in Headers */ = {isa = PBXBuildFile; fileRef = A9A028CF118DB87700F2D39A /* eval.h */; };
		A9A02932118DB87700F2D39A /* eqn_advection_diffusion.h in Headers */ = {isa = PBXBuildFile; fileRef = A9A028D1118DB87700F2D39A /* eqn_advection_diffusion.h */; };
		A9A02933118DB87700F2D39A /* eqn_diffusion.h in Headers */ = {isa = PBXBuildFile; fileRef = A9A028D2118DB87700F2D39A /* eqn_diffusion.h */; };
		A9A02934118DB87700F2D39A /* eqn_dkt.h in Headers */ = {isa = PBXBuildFile; fileRef = A9A028D3118DB87700F2D39A /* eqn_dkt.h */; };
		A9A02935118DB87700F2D39A /* eqn_helmholtz.h in Headers */ = {isa = PBXBuildFile; fileRef = A9A028D4118DB87700F2D39A /* eqn_helmholtz.h */; };
		A9A02936118DB87700F2D39A /* eqn_hyper.h in Headers */ = {isa = PBXBuildFile; fileRef = A9A028D5118DB87700F2D39A /* eqn_hyper.h */; };
		A9A02938118DB87700F2D39A /* eqn_navier_stokes.h in Headers */ = {isa = PBXBuildFile; fileRef = A9A028D7118DB87700F2D39A /* eqn_navier_stokes.h */; };
		A9A02939118DB87700F2D39A /* eqn_poisson.h in Headers */ = {isa = PBXBuildFile; fileRef = A9A028D8118DB87700F2D39A /* eqn_poisson.h */; };
		A9A0293A118DB87700F2D39A /* eqn_st_venant.h in Headers */ = {isa = PBXBuildFile; fileRef = A9A028D9118DB87700F2D39A /* eqn_st_venant.h */; };
		A9A0293B118DB87700F2D39A /* eqn_stokes.h in Headers */ = {isa = PBXBuildFile; fileRef = A9A028DA118DB87700F2D39A /* eqn_stokes.h */; };
		A9A0293C118DB87700F2D39A /* ker_emat_bar.h in Headers */ = {isa = PBXBuildFile; fileRef = A9A028DB118DB87700F2D39A /* ker_emat_bar.h */; };
		A9A0293D118DB87700F2D39A /* ker_emat_hex.h in Headers */ = {isa = PBXBuildFile; fileRef = A9A028DC118DB87700F2D39A /* ker_emat_hex.h */; };
		A9A0293E118DB87700F2D39A /* ker_emat_quad.h in Headers */ = {isa = PBXBuildFile; fileRef = A9A028DD118DB87700F2D39A /* ker_emat_quad.h */; };
		A9A0293F118DB87700F2D39A /* ker_emat_tet.h in Headers */ = {isa = PBXBuildFile; fileRef = A9A028DE118DB87700F2D39A /* ker_emat_tet.h */; };
		A9A02940118DB87700F2D39A /* ker_emat_tri.h in Headers */ = {isa = PBXBuildFile; fileRef = A9A028DF118DB87700F2D39A /* ker_emat_tri.h */; };
		A9A02941118DB87700F2D39A /* linearsystem_field.h in Headers */ = {isa = PBXBuildFile; fileRef = A9A028E1118DB87700F2D39A /* linearsystem_field.h */; };
		A9A02942118DB87700F2D39A /* linearsystem_fieldsave.h in Headers */ = {isa = PBXBuildFile; fileRef = A9A028E2118DB87700F2D39A /* linearsystem_fieldsave.h */; };
		A9A02943118DB87700F2D39A /* zlinearsystem.h in Headers */ = {isa = PBXBuildFile; fileRef = A9A028E3118DB87700F2D39A /* zlinearsystem.h */; };
		A9A02944118DB87700F2D39A /* zpreconditioner.h in Headers */ = {isa = PBXBuildFile; fileRef = A9A028E4118DB87700F2D39A /* zpreconditioner.h */; };
		A9A02945118DB87700F2D39A /* zsolver_ls_iter.h in Headers */ = {isa = PBXBuildFile; fileRef = A9A028E5118DB87700F2D39A /* zsolver_ls_iter.h */; };
		A9A02946118DB87700F2D39A /* field_world.h in Headers */ = {isa = PBXBuildFile; fileRef = A9A028E6118DB87700F2D39A /* field_world.h */; };
		A9A02947118DB87700F2D39A /* field.h in Headers */ = {isa = PBXBuildFile; fileRef = A9A028E7118DB87700F2D39A /* field.h */; };
		A9A02948118DB87700F2D39A /* indexed_array.h in Headers */ = {isa = PBXBuildFile; fileRef = A9A028E8118DB87700F2D39A /* indexed_array.h */; };
		A9A02949118DB87700F2D39A /* linearsystem_interface_eqnsys.h in Headers */ = {isa = PBXBuildFile; fileRef = A9A028E9118DB87700F2D39A /* linearsystem_interface_eqnsys.h */; };
		A9A0294A118DB87700F2D39A /* eigen_lanczos.h in Headers */ = {isa = PBXBuildFile; fileRef = A9A028EB118DB87700F2D39A /* eigen_lanczos.h */; };
		A9A0294B118DB87700F2D39A /* linearsystem.h in Headers */ = {isa = PBXBuildFile; fileRef = A9A028EC118DB87700F2D39A /* linearsystem.h */; };
		A9A0294C118DB87700F2D39A /* linearsystem_interface_solver.h in Headers */ = {isa = PBXBuildFile; fileRef = A9A028ED118DB87700F2D39A /* linearsystem_interface_solver.h */; };
		A9A0294D118DB87700F2D39A /* preconditioner.h in Headers */ = {isa = PBXBuildFile; fileRef = A9A028EE118DB87700F2D39A /* preconditioner.h */; };
		A9A0294E118DB87700F2D39A /* solver_ls_iter.h in Headers */ = {isa = PBXBuildFile; fileRef = A9A028EF118DB87700F2D39A /* solver_ls_iter.h */; };
		A9A0294F118DB87700F2D39A /* bcflag_blk.h in Headers */ = {isa = PBXBuildFile; fileRef = A9A028F1118DB87700F2D39A /* bcflag_blk.h */; };
		A9A02950118DB87700F2D39A /* diamat_blk.h in Headers */ = {isa = PBXBuildFile; fileRef = A9A028F2118DB87700F2D39A /* diamat_blk.h */; };
		A9A02951118DB87700F2D39A /* ker_mat.h in Headers */ = {isa = PBXBuildFile; fileRef = A9A028F3118DB87700F2D39A /* ker_mat.h */; };
		A9A02952118DB87700F2D39A /* mat_blkcrs.h in Headers */ = {isa = PBXBuildFile; fileRef = A9A028F4118DB87700F2D39A /* mat_blkcrs.h */; };
		A9A02953118DB87700F2D39A /* matdia_blkcrs.h in Headers */ = {isa = PBXBuildFile; fileRef = A9A028F5118DB87700F2D39A /* matdia_blkcrs.h */; };
		A9A02954118DB87700F2D39A /* matdiafrac_blkcrs.h in Headers */ = {isa = PBXBuildFile; fileRef = A9A028F6118DB87700F2D39A /* matdiafrac_blkcrs.h */; };
		A9A02955118DB87700F2D39A /* matdiainv_blkdia.h in Headers */ = {isa = PBXBuildFile; fileRef = A9A028F7118DB87700F2D39A /* matdiainv_blkdia.h */; };
		A9A02956118DB87700F2D39A /* matfrac_blkcrs.h in Headers */ = {isa = PBXBuildFile; fileRef = A9A028F8118DB87700F2D39A /* matfrac_blkcrs.h */; };
		A9A02957118DB87700F2D39A /* matprecond_blk.h in Headers */ = {isa = PBXBuildFile; fileRef = A9A028F9118DB87700F2D39A /* matprecond_blk.h */; };
		A9A02958118DB87700F2D39A /* matprolong_blkcrs.h in Headers */ = {isa = PBXBuildFile; fileRef = A9A028FA118DB87700F2D39A /* matprolong_blkcrs.h */; };
		A9A02959118DB87700F2D39A /* ordering_blk.h in Headers */ = {isa = PBXBuildFile; fileRef = A9A028FB118DB87700F2D39A /* ordering_blk.h */; };
		A9A0295A118DB87700F2D39A /* solver_mat_iter.h in Headers */ = {isa = PBXBuildFile; fileRef = A9A028FC118DB87700F2D39A /* solver_mat_iter.h */; };
		A9A0295B118DB87700F2D39A /* solver_mg.h in Headers */ = {isa = PBXBuildFile; fileRef = A9A028FD118DB87700F2D39A /* solver_mg.h */; };
		A9A0295C118DB87700F2D39A /* vector_blk.h in Headers */ = {isa = PBXBuildFile; fileRef = A9A028FE118DB87700F2D39A /* vector_blk.h */; };
		A9A0295D118DB87700F2D39A /* zmat_blkcrs.h in Headers */ = {isa = PBXBuildFile; fileRef = A9A028FF118DB87700F2D39A /* zmat_blkcrs.h */; };
		A9A0295E118DB87700F2D39A /* zmatdia_blkcrs.h in Headers */ = {isa = PBXBuildFile; fileRef = A9A02900118DB87700F2D39A /* zmatdia_blkcrs.h */; };
		A9A0295F118DB87700F2D39A /* zmatdiafrac_blkcrs.h in Headers */ = {isa = PBXBuildFile; fileRef = A9A02901118DB87700F2D39A /* zmatdiafrac_blkcrs.h */; };
		A9A02960118DB87700F2D39A /* zmatprecond_blk.h in Headers */ = {isa = PBXBuildFile; fileRef = A9A02902118DB87700F2D39A /* zmatprecond_blk.h */; };
		A9A02961118DB87700F2D39A /* zsolver_mat_iter.h in Headers */ = {isa = PBXBuildFile; fileRef = A9A02903118DB87700F2D39A /* zsolver_mat_iter.h */; };
		A9A02962118DB87700F2D39A /* zvector_blk.h in Headers */ = {isa = PBXBuildFile; fileRef = A9A02904118DB87700F2D39A /* zvector_blk.h */; };
		A9A02963118DB87700F2D39A /* mesh_interface.h in Headers */ = {isa = PBXBuildFile; fileRef = A9A02905118DB87700F2D39A /* mesh_interface.h */; };
		A9A02964118DB87700F2D39A /* mesh_primitive.h in Headers */ = {isa = PBXBuildFile; fileRef = A9A02906118DB87700F2D39A /* mesh_primitive.h */; };
		A9A02965118DB87700F2D39A /* mesh3d.h in Headers */ = {isa = PBXBuildFile; fileRef = A9A02907118DB87700F2D39A /* mesh3d.h */; };
		A9A02966118DB87700F2D39A /* mesher2d.h in Headers */ = {isa = PBXBuildFile; fileRef = A9A02908118DB87700F2D39A /* mesher2d.h */; };
		A9A02967118DB87700F2D39A /* meshkernel2d.h in Headers */ = {isa = PBXBuildFile; fileRef = A9A0290A118DB87700F2D39A /* meshkernel2d.h */; };
		A9A02968118DB87700F2D39A /* meshkernel3d.h in Headers */ = {isa = PBXBuildFile; fileRef = A9A0290B118DB87700F2D39A /* meshkernel3d.h */; };
		A9A02969118DB87700F2D39A /* node_ary.h in Headers */ = {isa = PBXBuildFile; fileRef = A9A0290C118DB87700F2D39A /* node_ary.h */; };
		A9A0296A118DB87700F2D39A /* objset.h in Headers */ = {isa = PBXBuildFile; fileRef = A9A0290D118DB87700F2D39A /* objset.h */; };
		A9A0296B118DB87700F2D39A /* quaternion.h in Headers */ = {isa = PBXBuildFile; fileRef = A9A0290E118DB87700F2D39A /* quaternion.h */; };
		A9A0296C118DB87700F2D39A /* linearsystem_rigid.h in Headers */ = {isa = PBXBuildFile; fileRef = A9A02910118DB87700F2D39A /* linearsystem_rigid.h */; };
		A9A0296D118DB87700F2D39A /* linearsystem_rigidfield.h in Headers */ = {isa = PBXBuildFile; fileRef = A9A02911118DB87700F2D39A /* linearsystem_rigidfield.h */; };
		A9A0296E118DB87700F2D39A /* rigidbody.h in Headers */ = {isa = PBXBuildFile; fileRef = A9A02912118DB87700F2D39A /* rigidbody.h */; };
		A9A0296F118DB87700F2D39A /* serialize.h in Headers */ = {isa = PBXBuildFile; fileRef = A9A02913118DB87700F2D39A /* serialize.h */; };
		A9A02970118DB87700F2D39A /* uglyfont.h in Headers */ = {isa = PBXBuildFile; fileRef = A9A02914118DB87700F2D39A /* uglyfont.h */; };
		A9A02971118DB87700F2D39A /* vector2d.h in Headers */ = {isa = PBXBuildFile; fileRef = A9A02915118DB87700F2D39A /* vector2d.h */; };
		A9A02972118DB87700F2D39A /* vector3d.h in Headers */ = {isa = PBXBuildFile; fileRef = A9A02916118DB87700F2D39A /* vector3d.h */; };
		A9A02A55118F13AB00F2D39A /* eqn_linear_solid2d.h in Headers */ = {isa = PBXBuildFile; fileRef = A9A02A53118F13AB00F2D39A /* eqn_linear_solid2d.h */; };
		A9A02A56118F13AB00F2D39A /* eqn_linear_solid3d.h in Headers */ = {isa = PBXBuildFile; fileRef = A9A02A54118F13AB00F2D39A /* eqn_linear_solid3d.h */; };
		A9A02A59118F143C00F2D39A /* eqn_linear_solid2d.cpp in Sources */ = {isa = PBXBuildFile; fileRef = A9A02A57118F143C00F2D39A /* eqn_linear_solid2d.cpp */; };
		A9A02A5A118F143C00F2D39A /* eqn_linear_solid3d.cpp in Sources */ = {isa = PBXBuildFile; fileRef = A9A02A58118F143C00F2D39A /* eqn_linear_solid3d.cpp */; };
/* End PBXBuildFile section */

/* Begin PBXFileReference section */
		A9377844118898A30005F42F /* drawer_gl_utility.cpp */ = {isa = PBXFileReference; fileEncoding = 8; lastKnownFileType = sourcecode.cpp.cpp; name = drawer_gl_utility.cpp; path = ../../../src/com/drawer_gl_utility.cpp; sourceTree = SOURCE_ROOT; };
		A9377845118898A30005F42F /* drawer.cpp */ = {isa = PBXFileReference; fileEncoding = 8; lastKnownFileType = sourcecode.cpp.cpp; name = drawer.cpp; path = ../../../src/com/drawer.cpp; sourceTree = SOURCE_ROOT; };
		A9377846118898A30005F42F /* quaternion.cpp */ = {isa = PBXFileReference; fileEncoding = 8; lastKnownFileType = sourcecode.cpp.cpp; name = quaternion.cpp; path = ../../../src/com/quaternion.cpp; sourceTree = SOURCE_ROOT; };
		A9377847118898A30005F42F /* uglyfont.cpp */ = {isa = PBXFileReference; fileEncoding = 8; lastKnownFileType = sourcecode.cpp.cpp; name = uglyfont.cpp; path = ../../../src/com/uglyfont.cpp; sourceTree = SOURCE_ROOT; };
		A9377848118898A30005F42F /* vector3d.cpp */ = {isa = PBXFileReference; fileEncoding = 8; lastKnownFileType = sourcecode.cpp.cpp; name = vector3d.cpp; path = ../../../src/com/vector3d.cpp; sourceTree = SOURCE_ROOT; };
		A937786511889A3D0005F42F /* brep.cpp */ = {isa = PBXFileReference; fileEncoding = 8; lastKnownFileType = sourcecode.cpp.cpp; name = brep.cpp; path = ../../../src/cad/brep.cpp; sourceTree = SOURCE_ROOT; };
		A937786611889A3D0005F42F /* brep2d.cpp */ = {isa = PBXFileReference; fileEncoding = 8; lastKnownFileType = sourcecode.cpp.cpp; name = brep2d.cpp; path = ../../../src/cad/brep2d.cpp; sourceTree = SOURCE_ROOT; };
		A937786711889A3D0005F42F /* cad_elem2d.cpp */ = {isa = PBXFileReference; fileEncoding = 8; lastKnownFileType = sourcecode.cpp.cpp; name = cad_elem2d.cpp; path = ../../../src/cad/cad_elem2d.cpp; sourceTree = SOURCE_ROOT; };
		A937786811889A3D0005F42F /* cad_obj2d.cpp */ = {isa = PBXFileReference; fileEncoding = 8; lastKnownFileType = sourcecode.cpp.cpp; name = cad_obj2d.cpp; path = ../../../src/cad/cad_obj2d.cpp; sourceTree = SOURCE_ROOT; };
		A937786911889A3D0005F42F /* drawer_cad.cpp */ = {isa = PBXFileReference; fileEncoding = 8; lastKnownFileType = sourcecode.cpp.cpp; name = drawer_cad.cpp; path = ../../../src/cad/drawer_cad.cpp; sourceTree = SOURCE_ROOT; };
		A937787711889AA90005F42F /* drawer_msh.cpp */ = {isa = PBXFileReference; fileEncoding = 8; lastKnownFileType = sourcecode.cpp.cpp; name = drawer_msh.cpp; path = ../../../src/msh/drawer_msh.cpp; sourceTree = SOURCE_ROOT; };
		A937787811889AA90005F42F /* mesh3d_extrude.cpp */ = {isa = PBXFileReference; fileEncoding = 8; lastKnownFileType = sourcecode.cpp.cpp; name = mesh3d_extrude.cpp; path = ../../../src/msh/mesh3d_extrude.cpp; sourceTree = SOURCE_ROOT; };
		A937787911889AA90005F42F /* mesh3d.cpp */ = {isa = PBXFileReference; fileEncoding = 8; lastKnownFileType = sourcecode.cpp.cpp; name = mesh3d.cpp; path = ../../../src/msh/mesh3d.cpp; sourceTree = SOURCE_ROOT; };
		A937787A11889AA90005F42F /* mesher2d.cpp */ = {isa = PBXFileReference; fileEncoding = 4; lastKnownFileType = sourcecode.cpp.cpp; name = mesher2d.cpp; path = ../../../src/msh/mesher2d.cpp; sourceTree = SOURCE_ROOT; };
		A937787B11889AA90005F42F /* mesher3d.cpp */ = {isa = PBXFileReference; fileEncoding = 8; lastKnownFileType = sourcecode.cpp.cpp; name = mesher3d.cpp; path = ../../../src/msh/mesher3d.cpp; sourceTree = SOURCE_ROOT; };
		A937787C11889AA90005F42F /* meshkernel2d.cpp */ = {isa = PBXFileReference; fileEncoding = 8; lastKnownFileType = sourcecode.cpp.cpp; name = meshkernel2d.cpp; path = ../../../src/msh/meshkernel2d.cpp; sourceTree = SOURCE_ROOT; };
		A937787D11889AA90005F42F /* meshkernel3d.cpp */ = {isa = PBXFileReference; fileEncoding = 8; lastKnownFileType = sourcecode.cpp.cpp; name = meshkernel3d.cpp; path = ../../../src/msh/meshkernel3d.cpp; sourceTree = SOURCE_ROOT; };
		A937788911889B490005F42F /* mat_blkcrs.cpp */ = {isa = PBXFileReference; fileEncoding = 8; lastKnownFileType = sourcecode.cpp.cpp; name = mat_blkcrs.cpp; path = ../../../src/matvec/mat_blkcrs.cpp; sourceTree = SOURCE_ROOT; };
		A937788A11889B490005F42F /* matdia_blkcrs.cpp */ = {isa = PBXFileReference; fileEncoding = 8; lastKnownFileType = sourcecode.cpp.cpp; name = matdia_blkcrs.cpp; path = ../../../src/matvec/matdia_blkcrs.cpp; sourceTree = SOURCE_ROOT; };
		A937788B11889B490005F42F /* matdiafrac_blkcrs.cpp */ = {isa = PBXFileReference; fileEncoding = 8; lastKnownFileType = sourcecode.cpp.cpp; name = matdiafrac_blkcrs.cpp; path = ../../../src/matvec/matdiafrac_blkcrs.cpp; sourceTree = SOURCE_ROOT; };
		A937788C11889B490005F42F /* matdiainv_blkdia.cpp */ = {isa = PBXFileReference; fileEncoding = 8; lastKnownFileType = sourcecode.cpp.cpp; name = matdiainv_blkdia.cpp; path = ../../../src/matvec/matdiainv_blkdia.cpp; sourceTree = SOURCE_ROOT; };
		A937788D11889B490005F42F /* matfrac_blkcrs.cpp */ = {isa = PBXFileReference; fileEncoding = 8; lastKnownFileType = sourcecode.cpp.cpp; name = matfrac_blkcrs.cpp; path = ../../../src/matvec/matfrac_blkcrs.cpp; sourceTree = SOURCE_ROOT; };
		A937788E11889B490005F42F /* matprolong_blkcrs.cpp */ = {isa = PBXFileReference; fileEncoding = 8; lastKnownFileType = sourcecode.cpp.cpp; name = matprolong_blkcrs.cpp; path = ../../../src/matvec/matprolong_blkcrs.cpp; sourceTree = SOURCE_ROOT; };
		A937788F11889B490005F42F /* ordering_blk.cpp */ = {isa = PBXFileReference; fileEncoding = 8; lastKnownFileType = sourcecode.cpp.cpp; name = ordering_blk.cpp; path = ../../../src/matvec/ordering_blk.cpp; sourceTree = SOURCE_ROOT; };
		A937789011889B490005F42F /* solver_mat_iter.cpp */ = {isa = PBXFileReference; fileEncoding = 8; lastKnownFileType = sourcecode.cpp.cpp; name = solver_mat_iter.cpp; path = ../../../src/matvec/solver_mat_iter.cpp; sourceTree = SOURCE_ROOT; };
		A937789111889B490005F42F /* solver_mg.cpp */ = {isa = PBXFileReference; fileEncoding = 8; lastKnownFileType = sourcecode.cpp.cpp; name = solver_mg.cpp; path = ../../../src/matvec/solver_mg.cpp; sourceTree = SOURCE_ROOT; };
		A937789211889B490005F42F /* vector_blk.cpp */ = {isa = PBXFileReference; fileEncoding = 8; lastKnownFileType = sourcecode.cpp.cpp; name = vector_blk.cpp; path = ../../../src/matvec/vector_blk.cpp; sourceTree = SOURCE_ROOT; };
		A937789311889B490005F42F /* zmat_blkcrs.cpp */ = {isa = PBXFileReference; fileEncoding = 8; lastKnownFileType = sourcecode.cpp.cpp; name = zmat_blkcrs.cpp; path = ../../../src/matvec/zmat_blkcrs.cpp; sourceTree = SOURCE_ROOT; };
		A937789411889B490005F42F /* zmatdia_blkcrs.cpp */ = {isa = PBXFileReference; fileEncoding = 8; lastKnownFileType = sourcecode.cpp.cpp; name = zmatdia_blkcrs.cpp; path = ../../../src/matvec/zmatdia_blkcrs.cpp; sourceTree = SOURCE_ROOT; };
		A937789511889B490005F42F /* zmatdiafrac_blkcrs.cpp */ = {isa = PBXFileReference; fileEncoding = 8; lastKnownFileType = sourcecode.cpp.cpp; name = zmatdiafrac_blkcrs.cpp; path = ../../../src/matvec/zmatdiafrac_blkcrs.cpp; sourceTree = SOURCE_ROOT; };
		A937789611889B490005F42F /* zsolver_mat_iter.cpp */ = {isa = PBXFileReference; fileEncoding = 8; lastKnownFileType = sourcecode.cpp.cpp; name = zsolver_mat_iter.cpp; path = ../../../src/matvec/zsolver_mat_iter.cpp; sourceTree = SOURCE_ROOT; };
		A937789711889B490005F42F /* zvector_blk.cpp */ = {isa = PBXFileReference; fileEncoding = 8; lastKnownFileType = sourcecode.cpp.cpp; name = zvector_blk.cpp; path = ../../../src/matvec/zvector_blk.cpp; sourceTree = SOURCE_ROOT; };
		A93778AF11889C3A0005F42F /* eigen_lanczos.cpp */ = {isa = PBXFileReference; fileEncoding = 8; lastKnownFileType = sourcecode.cpp.cpp; name = eigen_lanczos.cpp; path = ../../../src/ls/eigen_lanczos.cpp; sourceTree = SOURCE_ROOT; };
		A93778B011889C3B0005F42F /* linearsystem.cpp */ = {isa = PBXFileReference; fileEncoding = 8; lastKnownFileType = sourcecode.cpp.cpp; name = linearsystem.cpp; path = ../../../src/ls/linearsystem.cpp; sourceTree = SOURCE_ROOT; };
		A93778B111889C3B0005F42F /* preconditioner.cpp */ = {isa = PBXFileReference; fileEncoding = 8; lastKnownFileType = sourcecode.cpp.cpp; name = preconditioner.cpp; path = ../../../src/ls/preconditioner.cpp; sourceTree = SOURCE_ROOT; };
		A93778B211889C3B0005F42F /* solver_ls_iter.cpp */ = {isa = PBXFileReference; fileEncoding = 8; lastKnownFileType = sourcecode.cpp.cpp; name = solver_ls_iter.cpp; path = ../../../src/ls/solver_ls_iter.cpp; sourceTree = SOURCE_ROOT; };
		A93778BF11889CD30005F42F /* drawer_field_edge.cpp */ = {isa = PBXFileReference; fileEncoding = 8; lastKnownFileType = sourcecode.cpp.cpp; name = drawer_field_edge.cpp; path = ../../../src/femfield/drawer_field_edge.cpp; sourceTree = SOURCE_ROOT; };
		A93778C011889CD30005F42F /* drawer_field_face.cpp */ = {isa = PBXFileReference; fileEncoding = 8; lastKnownFileType = sourcecode.cpp.cpp; name = drawer_field_face.cpp; path = ../../../src/femfield/drawer_field_face.cpp; sourceTree = SOURCE_ROOT; };
		A93778C111889CD30005F42F /* drawer_field_image_based_flow_vis.cpp */ = {isa = PBXFileReference; fileEncoding = 8; lastKnownFileType = sourcecode.cpp.cpp; name = drawer_field_image_based_flow_vis.cpp; path = ../../../src/femfield/drawer_field_image_based_flow_vis.cpp; sourceTree = SOURCE_ROOT; };
		A93778C211889CD30005F42F /* drawer_field_streamline.cpp */ = {isa = PBXFileReference; fileEncoding = 8; lastKnownFileType = sourcecode.cpp.cpp; name = drawer_field_streamline.cpp; path = ../../../src/femfield/drawer_field_streamline.cpp; sourceTree = SOURCE_ROOT; };
		A93778C311889CD30005F42F /* drawer_field_vector.cpp */ = {isa = PBXFileReference; fileEncoding = 8; lastKnownFileType = sourcecode.cpp.cpp; name = drawer_field_vector.cpp; path = ../../../src/femfield/drawer_field_vector.cpp; sourceTree = SOURCE_ROOT; };
		A93778C411889CD30005F42F /* drawer_field.cpp */ = {isa = PBXFileReference; fileEncoding = 8; lastKnownFileType = sourcecode.cpp.cpp; name = drawer_field.cpp; path = ../../../src/femfield/drawer_field.cpp; sourceTree = SOURCE_ROOT; };
		A93778C511889CD30005F42F /* elem_ary.cpp */ = {isa = PBXFileReference; fileEncoding = 8; lastKnownFileType = sourcecode.cpp.cpp; name = elem_ary.cpp; path = ../../../src/femfield/elem_ary.cpp; sourceTree = SOURCE_ROOT; };
		A93778C611889CD30005F42F /* eval.cpp */ = {isa = PBXFileReference; fileEncoding = 8; lastKnownFileType = sourcecode.cpp.cpp; name = eval.cpp; path = ../../../src/femfield/eval.cpp; sourceTree = SOURCE_ROOT; };
		A93778C711889CD30005F42F /* field_world.cpp */ = {isa = PBXFileReference; fileEncoding = 8; lastKnownFileType = sourcecode.cpp.cpp; name = field_world.cpp; path = ../../../src/femfield/field_world.cpp; sourceTree = SOURCE_ROOT; };
		A93778C811889CD30005F42F /* field.cpp */ = {isa = PBXFileReference; fileEncoding = 8; lastKnownFileType = sourcecode.cpp.cpp; name = field.cpp; path = ../../../src/femfield/field.cpp; sourceTree = SOURCE_ROOT; };
		A93778C911889CD30005F42F /* node_ary.cpp */ = {isa = PBXFileReference; fileEncoding = 8; lastKnownFileType = sourcecode.cpp.cpp; name = node_ary.cpp; path = ../../../src/femfield/node_ary.cpp; sourceTree = SOURCE_ROOT; };
		A93778D611889CFB0005F42F /* eqn_advection_diffusion.cpp */ = {isa = PBXFileReference; fileEncoding = 8; lastKnownFileType = sourcecode.cpp.cpp; name = eqn_advection_diffusion.cpp; path = ../../../src/femeqn/eqn_advection_diffusion.cpp; sourceTree = SOURCE_ROOT; };
		A93778D711889CFB0005F42F /* eqn_diffusion.cpp */ = {isa = PBXFileReference; fileEncoding = 8; lastKnownFileType = sourcecode.cpp.cpp; name = eqn_diffusion.cpp; path = ../../../src/femeqn/eqn_diffusion.cpp; sourceTree = SOURCE_ROOT; };
		A93778D811889CFB0005F42F /* eqn_dkt.cpp */ = {isa = PBXFileReference; fileEncoding = 8; lastKnownFileType = sourcecode.cpp.cpp; name = eqn_dkt.cpp; path = ../../../src/femeqn/eqn_dkt.cpp; sourceTree = SOURCE_ROOT; };
		A93778D911889CFB0005F42F /* eqn_helmholtz.cpp */ = {isa = PBXFileReference; fileEncoding = 8; lastKnownFileType = sourcecode.cpp.cpp; name = eqn_helmholtz.cpp; path = ../../../src/femeqn/eqn_helmholtz.cpp; sourceTree = SOURCE_ROOT; };
		A93778DA11889CFB0005F42F /* eqn_hyper.cpp */ = {isa = PBXFileReference; fileEncoding = 8; lastKnownFileType = sourcecode.cpp.cpp; name = eqn_hyper.cpp; path = ../../../src/femeqn/eqn_hyper.cpp; sourceTree = SOURCE_ROOT; };
		A93778DC11889CFB0005F42F /* eqn_navier_stokes.cpp */ = {isa = PBXFileReference; fileEncoding = 8; lastKnownFileType = sourcecode.cpp.cpp; name = eqn_navier_stokes.cpp; path = ../../../src/femeqn/eqn_navier_stokes.cpp; sourceTree = SOURCE_ROOT; };
		A93778DD11889CFB0005F42F /* eqn_poisson.cpp */ = {isa = PBXFileReference; fileEncoding = 8; lastKnownFileType = sourcecode.cpp.cpp; name = eqn_poisson.cpp; path = ../../../src/femeqn/eqn_poisson.cpp; sourceTree = SOURCE_ROOT; };
		A93778DE11889CFB0005F42F /* eqn_st_venant.cpp */ = {isa = PBXFileReference; fileEncoding = 8; lastKnownFileType = sourcecode.cpp.cpp; name = eqn_st_venant.cpp; path = ../../../src/femeqn/eqn_st_venant.cpp; sourceTree = SOURCE_ROOT; };
		A93778DF11889CFB0005F42F /* eqn_stokes.cpp */ = {isa = PBXFileReference; fileEncoding = 8; lastKnownFileType = sourcecode.cpp.cpp; name = eqn_stokes.cpp; path = ../../../src/femeqn/eqn_stokes.cpp; sourceTree = SOURCE_ROOT; };
		A93778E011889CFB0005F42F /* eqnsys_fluid.cpp */ = {isa = PBXFileReference; fileEncoding = 8; lastKnownFileType = sourcecode.cpp.cpp; name = eqnsys_fluid.cpp; path = ../../../src/femeqn/eqnsys_fluid.cpp; sourceTree = SOURCE_ROOT; };
		A93778E111889CFB0005F42F /* eqnsys_scalar.cpp */ = {isa = PBXFileReference; fileEncoding = 8; lastKnownFileType = sourcecode.cpp.cpp; name = eqnsys_scalar.cpp; path = ../../../src/femeqn/eqnsys_scalar.cpp; sourceTree = SOURCE_ROOT; };
		A93778E211889CFB0005F42F /* eqnsys_shell.cpp */ = {isa = PBXFileReference; fileEncoding = 8; lastKnownFileType = sourcecode.cpp.cpp; name = eqnsys_shell.cpp; path = ../../../src/femeqn/eqnsys_shell.cpp; sourceTree = SOURCE_ROOT; };
		A93778E311889CFB0005F42F /* eqnsys_solid.cpp */ = {isa = PBXFileReference; fileEncoding = 8; lastKnownFileType = sourcecode.cpp.cpp; name = eqnsys_solid.cpp; path = ../../../src/femeqn/eqnsys_solid.cpp; sourceTree = SOURCE_ROOT; };
		A93778E411889CFB0005F42F /* eqnsys.cpp */ = {isa = PBXFileReference; fileEncoding = 8; lastKnownFileType = sourcecode.cpp.cpp; name = eqnsys.cpp; path = ../../../src/femeqn/eqnsys.cpp; sourceTree = SOURCE_ROOT; };
		A93778E511889CFB0005F42F /* ker_emat_tri.cpp */ = {isa = PBXFileReference; fileEncoding = 8; lastKnownFileType = sourcecode.cpp.cpp; name = ker_emat_tri.cpp; path = ../../../src/femeqn/ker_emat_tri.cpp; sourceTree = SOURCE_ROOT; };
		A93778F811889D2A0005F42F /* linearsystem_field.cpp */ = {isa = PBXFileReference; fileEncoding = 8; lastKnownFileType = sourcecode.cpp.cpp; name = linearsystem_field.cpp; path = ../../../src/femls/linearsystem_field.cpp; sourceTree = SOURCE_ROOT; };
		A93778F911889D2A0005F42F /* linearsystem_fieldsave.cpp */ = {isa = PBXFileReference; fileEncoding = 8; lastKnownFileType = sourcecode.cpp.cpp; name = linearsystem_fieldsave.cpp; path = ../../../src/femls/linearsystem_fieldsave.cpp; sourceTree = SOURCE_ROOT; };
		A93778FA11889D2A0005F42F /* zlinearsystem.cpp */ = {isa = PBXFileReference; fileEncoding = 8; lastKnownFileType = sourcecode.cpp.cpp; name = zlinearsystem.cpp; path = ../../../src/femls/zlinearsystem.cpp; sourceTree = SOURCE_ROOT; };
		A93778FB11889D2A0005F42F /* zsolver_ls_iter.cpp */ = {isa = PBXFileReference; fileEncoding = 8; lastKnownFileType = sourcecode.cpp.cpp; name = zsolver_ls_iter.cpp; path = ../../../src/femls/zsolver_ls_iter.cpp; sourceTree = SOURCE_ROOT; };
		A9A027E4118DAD0500F2D39A /* linearsystem_rigid.cpp */ = {isa = PBXFileReference; fileEncoding = 4; lastKnownFileType = sourcecode.cpp.cpp; name = linearsystem_rigid.cpp; path = ../../../src/rigid/linearsystem_rigid.cpp; sourceTree = SOURCE_ROOT; };
		A9A027E5118DAD0500F2D39A /* linearsystem_rigidfield.cpp */ = {isa = PBXFileReference; fileEncoding = 4; lastKnownFileType = sourcecode.cpp.cpp; name = linearsystem_rigidfield.cpp; path = ../../../src/rigid/linearsystem_rigidfield.cpp; sourceTree = SOURCE_ROOT; };
		A9A027E6118DAD0500F2D39A /* rigidbody.cpp */ = {isa = PBXFileReference; fileEncoding = 4; lastKnownFileType = sourcecode.cpp.cpp; name = rigidbody.cpp; path = ../../../src/rigid/rigidbody.cpp; sourceTree = SOURCE_ROOT; };
		A9A028B5118DB87700F2D39A /* brep.h */ = {isa = PBXFileReference; fileEncoding = 4; lastKnownFileType = sourcecode.c.h; path = brep.h; sourceTree = "<group>"; };
		A9A028B6118DB87700F2D39A /* brep2d.h */ = {isa = PBXFileReference; fileEncoding = 4; lastKnownFileType = sourcecode.c.h; path = brep2d.h; sourceTree = "<group>"; };
		A9A028B7118DB87700F2D39A /* cad_elem2d.h */ = {isa = PBXFileReference; fileEncoding = 4; lastKnownFileType = sourcecode.c.h; path = cad_elem2d.h; sourceTree = "<group>"; };
		A9A028B8118DB87700F2D39A /* objset_cad.h */ = {isa = PBXFileReference; fileEncoding = 4; lastKnownFileType = sourcecode.c.h; path = objset_cad.h; sourceTree = "<group>"; };
		A9A028B9118DB87700F2D39A /* truss2d.h */ = {isa = PBXFileReference; fileEncoding = 4; lastKnownFileType = sourcecode.c.h; path = truss2d.h; sourceTree = "<group>"; };
		A9A028BA118DB87700F2D39A /* cad_com.h */ = {isa = PBXFileReference; fileEncoding = 4; lastKnownFileType = sourcecode.c.h; name = cad_com.h; path = ../../../include/delfem/cad_com.h; sourceTree = SOURCE_ROOT; };
		A9A028BB118DB87700F2D39A /* cad_obj2d.h */ = {isa = PBXFileReference; fileEncoding = 4; lastKnownFileType = sourcecode.c.h; name = cad_obj2d.h; path = ../../../include/delfem/cad_obj2d.h; sourceTree = SOURCE_ROOT; };
		A9A028BC118DB87700F2D39A /* cad2d_interface.h */ = {isa = PBXFileReference; fileEncoding = 4; lastKnownFileType = sourcecode.c.h; name = cad2d_interface.h; path = ../../../include/delfem/cad2d_interface.h; sourceTree = SOURCE_ROOT; };
		A9A028BD118DB87700F2D39A /* camera.h */ = {isa = PBXFileReference; fileEncoding = 4; lastKnownFileType = sourcecode.c.h; name = camera.h; path = ../../../include/delfem/camera.h; sourceTree = SOURCE_ROOT; };
		A9A028BE118DB87700F2D39A /* complex.h */ = {isa = PBXFileReference; fileEncoding = 4; lastKnownFileType = sourcecode.c.h; name = complex.h; path = ../../../include/delfem/complex.h; sourceTree = SOURCE_ROOT; };
		A9A028BF118DB87700F2D39A /* drawer_cad.h */ = {isa = PBXFileReference; fileEncoding = 4; lastKnownFileType = sourcecode.c.h; name = drawer_cad.h; path = ../../../include/delfem/drawer_cad.h; sourceTree = SOURCE_ROOT; };
		A9A028C0118DB87700F2D39A /* drawer_field_edge.h */ = {isa = PBXFileReference; fileEncoding = 4; lastKnownFileType = sourcecode.c.h; name = drawer_field_edge.h; path = ../../../include/delfem/drawer_field_edge.h; sourceTree = SOURCE_ROOT; };
		A9A028C1118DB87700F2D39A /* drawer_field_face.h */ = {isa = PBXFileReference; fileEncoding = 4; lastKnownFileType = sourcecode.c.h; name = drawer_field_face.h; path = ../../../include/delfem/drawer_field_face.h; sourceTree = SOURCE_ROOT; };
		A9A028C2118DB87700F2D39A /* drawer_field_image_based_flow_vis.h */ = {isa = PBXFileReference; fileEncoding = 4; lastKnownFileType = sourcecode.c.h; name = drawer_field_image_based_flow_vis.h; path = ../../../include/delfem/drawer_field_image_based_flow_vis.h; sourceTree = SOURCE_ROOT; };
		A9A028C3118DB87700F2D39A /* drawer_field_streamline.h */ = {isa = PBXFileReference; fileEncoding = 4; lastKnownFileType = sourcecode.c.h; name = drawer_field_streamline.h; path = ../../../include/delfem/drawer_field_streamline.h; sourceTree = SOURCE_ROOT; };
		A9A028C4118DB87700F2D39A /* drawer_field_vector.h */ = {isa = PBXFileReference; fileEncoding = 4; lastKnownFileType = sourcecode.c.h; name = drawer_field_vector.h; path = ../../../include/delfem/drawer_field_vector.h; sourceTree = SOURCE_ROOT; };
		A9A028C5118DB87700F2D39A /* drawer_field.h */ = {isa = PBXFileReference; fileEncoding = 4; lastKnownFileType = sourcecode.c.h; name = drawer_field.h; path = ../../../include/delfem/drawer_field.h; sourceTree = SOURCE_ROOT; };
		A9A028C6118DB87700F2D39A /* drawer_gl_utility.h */ = {isa = PBXFileReference; fileEncoding = 4; lastKnownFileType = sourcecode.c.h; name = drawer_gl_utility.h; path = ../../../include/delfem/drawer_gl_utility.h; sourceTree = SOURCE_ROOT; };
		A9A028C7118DB87700F2D39A /* drawer_msh.h */ = {isa = PBXFileReference; fileEncoding = 4; lastKnownFileType = sourcecode.c.h; name = drawer_msh.h; path = ../../../include/delfem/drawer_msh.h; sourceTree = SOURCE_ROOT; };
		A9A028C8118DB87700F2D39A /* drawer.h */ = {isa = PBXFileReference; fileEncoding = 4; lastKnownFileType = sourcecode.c.h; name = drawer.h; path = ../../../include/delfem/drawer.h; sourceTree = SOURCE_ROOT; };
		A9A028C9118DB87700F2D39A /* elem_ary.h */ = {isa = PBXFileReference; fileEncoding = 4; lastKnownFileType = sourcecode.c.h; name = elem_ary.h; path = ../../../include/delfem/elem_ary.h; sourceTree = SOURCE_ROOT; };
		A9A028CA118DB87700F2D39A /* eqnsys_fluid.h */ = {isa = PBXFileReference; fileEncoding = 4; lastKnownFileType = sourcecode.c.h; name = eqnsys_fluid.h; path = ../../../include/delfem/eqnsys_fluid.h; sourceTree = SOURCE_ROOT; };
		A9A028CB118DB87700F2D39A /* eqnsys_scalar.h */ = {isa = PBXFileReference; fileEncoding = 4; lastKnownFileType = sourcecode.c.h; name = eqnsys_scalar.h; path = ../../../include/delfem/eqnsys_scalar.h; sourceTree = SOURCE_ROOT; };
		A9A028CC118DB87700F2D39A /* eqnsys_shell.h */ = {isa = PBXFileReference; fileEncoding = 4; lastKnownFileType = sourcecode.c.h; name = eqnsys_shell.h; path = ../../../include/delfem/eqnsys_shell.h; sourceTree = SOURCE_ROOT; };
		A9A028CD118DB87700F2D39A /* eqnsys_solid.h */ = {isa = PBXFileReference; fileEncoding = 4; lastKnownFileType = sourcecode.c.h; name = eqnsys_solid.h; path = ../../../include/delfem/eqnsys_solid.h; sourceTree = SOURCE_ROOT; };
		A9A028CE118DB87700F2D39A /* eqnsys.h */ = {isa = PBXFileReference; fileEncoding = 4; lastKnownFileType = sourcecode.c.h; name = eqnsys.h; path = ../../../include/delfem/eqnsys.h; sourceTree = SOURCE_ROOT; };
		A9A028CF118DB87700F2D39A /* eval.h */ = {isa = PBXFileReference; fileEncoding = 4; lastKnownFileType = sourcecode.c.h; name = eval.h; path = ../../../include/delfem/eval.h; sourceTree = SOURCE_ROOT; };
		A9A028D1118DB87700F2D39A /* eqn_advection_diffusion.h */ = {isa = PBXFileReference; fileEncoding = 4; lastKnownFileType = sourcecode.c.h; path = eqn_advection_diffusion.h; sourceTree = "<group>"; };
		A9A028D2118DB87700F2D39A /* eqn_diffusion.h */ = {isa = PBXFileReference; fileEncoding = 4; lastKnownFileType = sourcecode.c.h; path = eqn_diffusion.h; sourceTree = "<group>"; };
		A9A028D3118DB87700F2D39A /* eqn_dkt.h */ = {isa = PBXFileReference; fileEncoding = 4; lastKnownFileType = sourcecode.c.h; path = eqn_dkt.h; sourceTree = "<group>"; };
		A9A028D4118DB87700F2D39A /* eqn_helmholtz.h */ = {isa = PBXFileReference; fileEncoding = 4; lastKnownFileType = sourcecode.c.h; path = eqn_helmholtz.h; sourceTree = "<group>"; };
		A9A028D5118DB87700F2D39A /* eqn_hyper.h */ = {isa = PBXFileReference; fileEncoding = 4; lastKnownFileType = sourcecode.c.h; path = eqn_hyper.h; sourceTree = "<group>"; };
		A9A028D7118DB87700F2D39A /* eqn_navier_stokes.h */ = {isa = PBXFileReference; fileEncoding = 4; lastKnownFileType = sourcecode.c.h; path = eqn_navier_stokes.h; sourceTree = "<group>"; };
		A9A028D8118DB87700F2D39A /* eqn_poisson.h */ = {isa = PBXFileReference; fileEncoding = 4; lastKnownFileType = sourcecode.c.h; path = eqn_poisson.h; sourceTree = "<group>"; };
		A9A028D9118DB87700F2D39A /* eqn_st_venant.h */ = {isa = PBXFileReference; fileEncoding = 4; lastKnownFileType = sourcecode.c.h; path = eqn_st_venant.h; sourceTree = "<group>"; };
		A9A028DA118DB87700F2D39A /* eqn_stokes.h */ = {isa = PBXFileReference; fileEncoding = 4; lastKnownFileType = sourcecode.c.h; path = eqn_stokes.h; sourceTree = "<group>"; };
		A9A028DB118DB87700F2D39A /* ker_emat_bar.h */ = {isa = PBXFileReference; fileEncoding = 4; lastKnownFileType = sourcecode.c.h; path = ker_emat_bar.h; sourceTree = "<group>"; };
		A9A028DC118DB87700F2D39A /* ker_emat_hex.h */ = {isa = PBXFileReference; fileEncoding = 4; lastKnownFileType = sourcecode.c.h; path = ker_emat_hex.h; sourceTree = "<group>"; };
		A9A028DD118DB87700F2D39A /* ker_emat_quad.h */ = {isa = PBXFileReference; fileEncoding = 4; lastKnownFileType = sourcecode.c.h; path = ker_emat_quad.h; sourceTree = "<group>"; };
		A9A028DE118DB87700F2D39A /* ker_emat_tet.h */ = {isa = PBXFileReference; fileEncoding = 4; lastKnownFileType = sourcecode.c.h; path = ker_emat_tet.h; sourceTree = "<group>"; };
		A9A028DF118DB87700F2D39A /* ker_emat_tri.h */ = {isa = PBXFileReference; fileEncoding = 4; lastKnownFileType = sourcecode.c.h; path = ker_emat_tri.h; sourceTree = "<group>"; };
		A9A028E1118DB87700F2D39A /* linearsystem_field.h */ = {isa = PBXFileReference; fileEncoding = 4; lastKnownFileType = sourcecode.c.h; path = linearsystem_field.h; sourceTree = "<group>"; };
		A9A028E2118DB87700F2D39A /* linearsystem_fieldsave.h */ = {isa = PBXFileReference; fileEncoding = 4; lastKnownFileType = sourcecode.c.h; path = linearsystem_fieldsave.h; sourceTree = "<group>"; };
		A9A028E3118DB87700F2D39A /* zlinearsystem.h */ = {isa = PBXFileReference; fileEncoding = 4; lastKnownFileType = sourcecode.c.h; path = zlinearsystem.h; sourceTree = "<group>"; };
		A9A028E4118DB87700F2D39A /* zpreconditioner.h */ = {isa = PBXFileReference; fileEncoding = 4; lastKnownFileType = sourcecode.c.h; path = zpreconditioner.h; sourceTree = "<group>"; };
		A9A028E5118DB87700F2D39A /* zsolver_ls_iter.h */ = {isa = PBXFileReference; fileEncoding = 4; lastKnownFileType = sourcecode.c.h; path = zsolver_ls_iter.h; sourceTree = "<group>"; };
		A9A028E6118DB87700F2D39A /* field_world.h */ = {isa = PBXFileReference; fileEncoding = 4; lastKnownFileType = sourcecode.c.h; name = field_world.h; path = ../../../include/delfem/field_world.h; sourceTree = SOURCE_ROOT; };
		A9A028E7118DB87700F2D39A /* field.h */ = {isa = PBXFileReference; fileEncoding = 4; lastKnownFileType = sourcecode.c.h; name = field.h; path = ../../../include/delfem/field.h; sourceTree = SOURCE_ROOT; };
		A9A028E8118DB87700F2D39A /* indexed_array.h */ = {isa = PBXFileReference; fileEncoding = 4; lastKnownFileType = sourcecode.c.h; name = indexed_array.h; path = ../../../include/delfem/indexed_array.h; sourceTree = SOURCE_ROOT; };
		A9A028E9118DB87700F2D39A /* linearsystem_interface_eqnsys.h */ = {isa = PBXFileReference; fileEncoding = 4; lastKnownFileType = sourcecode.c.h; name = linearsystem_interface_eqnsys.h; path = ../../../include/delfem/linearsystem_interface_eqnsys.h; sourceTree = SOURCE_ROOT; };
		A9A028EB118DB87700F2D39A /* eigen_lanczos.h */ = {isa = PBXFileReference; fileEncoding = 4; lastKnownFileType = sourcecode.c.h; path = eigen_lanczos.h; sourceTree = "<group>"; };
		A9A028EC118DB87700F2D39A /* linearsystem.h */ = {isa = PBXFileReference; fileEncoding = 4; lastKnownFileType = sourcecode.c.h; path = linearsystem.h; sourceTree = "<group>"; };
		A9A028ED118DB87700F2D39A /* linearsystem_interface_solver.h */ = {isa = PBXFileReference; fileEncoding = 4; lastKnownFileType = sourcecode.c.h; path = linearsystem_interface_solver.h; sourceTree = "<group>"; };
		A9A028EE118DB87700F2D39A /* preconditioner.h */ = {isa = PBXFileReference; fileEncoding = 4; lastKnownFileType = sourcecode.c.h; path = preconditioner.h; sourceTree = "<group>"; };
		A9A028EF118DB87700F2D39A /* solver_ls_iter.h */ = {isa = PBXFileReference; fileEncoding = 4; lastKnownFileType = sourcecode.c.h; path = solver_ls_iter.h; sourceTree = "<group>"; };
		A9A028F1118DB87700F2D39A /* bcflag_blk.h */ = {isa = PBXFileReference; fileEncoding = 4; lastKnownFileType = sourcecode.c.h; path = bcflag_blk.h; sourceTree = "<group>"; };
		A9A028F2118DB87700F2D39A /* diamat_blk.h */ = {isa = PBXFileReference; fileEncoding = 4; lastKnownFileType = sourcecode.c.h; path = diamat_blk.h; sourceTree = "<group>"; };
		A9A028F3118DB87700F2D39A /* ker_mat.h */ = {isa = PBXFileReference; fileEncoding = 4; lastKnownFileType = sourcecode.c.h; path = ker_mat.h; sourceTree = "<group>"; };
		A9A028F4118DB87700F2D39A /* mat_blkcrs.h */ = {isa = PBXFileReference; fileEncoding = 4; lastKnownFileType = sourcecode.c.h; path = mat_blkcrs.h; sourceTree = "<group>"; };
		A9A028F5118DB87700F2D39A /* matdia_blkcrs.h */ = {isa = PBXFileReference; fileEncoding = 4; lastKnownFileType = sourcecode.c.h; path = matdia_blkcrs.h; sourceTree = "<group>"; };
		A9A028F6118DB87700F2D39A /* matdiafrac_blkcrs.h */ = {isa = PBXFileReference; fileEncoding = 4; lastKnownFileType = sourcecode.c.h; path = matdiafrac_blkcrs.h; sourceTree = "<group>"; };
		A9A028F7118DB87700F2D39A /* matdiainv_blkdia.h */ = {isa = PBXFileReference; fileEncoding = 4; lastKnownFileType = sourcecode.c.h; path = matdiainv_blkdia.h; sourceTree = "<group>"; };
		A9A028F8118DB87700F2D39A /* matfrac_blkcrs.h */ = {isa = PBXFileReference; fileEncoding = 4; lastKnownFileType = sourcecode.c.h; path = matfrac_blkcrs.h; sourceTree = "<group>"; };
		A9A028F9118DB87700F2D39A /* matprecond_blk.h */ = {isa = PBXFileReference; fileEncoding = 4; lastKnownFileType = sourcecode.c.h; path = matprecond_blk.h; sourceTree = "<group>"; };
		A9A028FA118DB87700F2D39A /* matprolong_blkcrs.h */ = {isa = PBXFileReference; fileEncoding = 4; lastKnownFileType = sourcecode.c.h; path = matprolong_blkcrs.h; sourceTree = "<group>"; };
		A9A028FB118DB87700F2D39A /* ordering_blk.h */ = {isa = PBXFileReference; fileEncoding = 4; lastKnownFileType = sourcecode.c.h; path = ordering_blk.h; sourceTree = "<group>"; };
		A9A028FC118DB87700F2D39A /* solver_mat_iter.h */ = {isa = PBXFileReference; fileEncoding = 4; lastKnownFileType = sourcecode.c.h; path = solver_mat_iter.h; sourceTree = "<group>"; };
		A9A028FD118DB87700F2D39A /* solver_mg.h */ = {isa = PBXFileReference; fileEncoding = 4; lastKnownFileType = sourcecode.c.h; path = solver_mg.h; sourceTree = "<group>"; };
		A9A028FE118DB87700F2D39A /* vector_blk.h */ = {isa = PBXFileReference; fileEncoding = 4; lastKnownFileType = sourcecode.c.h; path = vector_blk.h; sourceTree = "<group>"; };
		A9A028FF118DB87700F2D39A /* zmat_blkcrs.h */ = {isa = PBXFileReference; fileEncoding = 4; lastKnownFileType = sourcecode.c.h; path = zmat_blkcrs.h; sourceTree = "<group>"; };
		A9A02900118DB87700F2D39A /* zmatdia_blkcrs.h */ = {isa = PBXFileReference; fileEncoding = 4; lastKnownFileType = sourcecode.c.h; path = zmatdia_blkcrs.h; sourceTree = "<group>"; };
		A9A02901118DB87700F2D39A /* zmatdiafrac_blkcrs.h */ = {isa = PBXFileReference; fileEncoding = 4; lastKnownFileType = sourcecode.c.h; path = zmatdiafrac_blkcrs.h; sourceTree = "<group>"; };
		A9A02902118DB87700F2D39A /* zmatprecond_blk.h */ = {isa = PBXFileReference; fileEncoding = 4; lastKnownFileType = sourcecode.c.h; path = zmatprecond_blk.h; sourceTree = "<group>"; };
		A9A02903118DB87700F2D39A /* zsolver_mat_iter.h */ = {isa = PBXFileReference; fileEncoding = 4; lastKnownFileType = sourcecode.c.h; path = zsolver_mat_iter.h; sourceTree = "<group>"; };
		A9A02904118DB87700F2D39A /* zvector_blk.h */ = {isa = PBXFileReference; fileEncoding = 4; lastKnownFileType = sourcecode.c.h; path = zvector_blk.h; sourceTree = "<group>"; };
		A9A02905118DB87700F2D39A /* mesh_interface.h */ = {isa = PBXFileReference; fileEncoding = 4; lastKnownFileType = sourcecode.c.h; name = mesh_interface.h; path = ../../../include/delfem/mesh_interface.h; sourceTree = SOURCE_ROOT; };
		A9A02906118DB87700F2D39A /* mesh_primitive.h */ = {isa = PBXFileReference; fileEncoding = 4; lastKnownFileType = sourcecode.c.h; name = mesh_primitive.h; path = ../../../include/delfem/mesh_primitive.h; sourceTree = SOURCE_ROOT; };
		A9A02907118DB87700F2D39A /* mesh3d.h */ = {isa = PBXFileReference; fileEncoding = 4; lastKnownFileType = sourcecode.c.h; name = mesh3d.h; path = ../../../include/delfem/mesh3d.h; sourceTree = SOURCE_ROOT; };
		A9A02908118DB87700F2D39A /* mesher2d.h */ = {isa = PBXFileReference; fileEncoding = 8; lastKnownFileType = sourcecode.c.h; name = mesher2d.h; path = ../../../include/delfem/mesher2d.h; sourceTree = SOURCE_ROOT; };
		A9A0290A118DB87700F2D39A /* meshkernel2d.h */ = {isa = PBXFileReference; fileEncoding = 4; lastKnownFileType = sourcecode.c.h; path = meshkernel2d.h; sourceTree = "<group>"; };
		A9A0290B118DB87700F2D39A /* meshkernel3d.h */ = {isa = PBXFileReference; fileEncoding = 4; lastKnownFileType = sourcecode.c.h; path = meshkernel3d.h; sourceTree = "<group>"; };
		A9A0290C118DB87700F2D39A /* node_ary.h */ = {isa = PBXFileReference; fileEncoding = 4; lastKnownFileType = sourcecode.c.h; name = node_ary.h; path = ../../../include/delfem/node_ary.h; sourceTree = SOURCE_ROOT; };
		A9A0290D118DB87700F2D39A /* objset.h */ = {isa = PBXFileReference; fileEncoding = 4; lastKnownFileType = sourcecode.c.h; name = objset.h; path = ../../../include/delfem/objset.h; sourceTree = SOURCE_ROOT; };
		A9A0290E118DB87700F2D39A /* quaternion.h */ = {isa = PBXFileReference; fileEncoding = 4; lastKnownFileType = sourcecode.c.h; name = quaternion.h; path = ../../../include/delfem/quaternion.h; sourceTree = SOURCE_ROOT; };
		A9A02910118DB87700F2D39A /* linearsystem_rigid.h */ = {isa = PBXFileReference; fileEncoding = 4; lastKnownFileType = sourcecode.c.h; path = linearsystem_rigid.h; sourceTree = "<group>"; };
		A9A02911118DB87700F2D39A /* linearsystem_rigidfield.h */ = {isa = PBXFileReference; fileEncoding = 4; lastKnownFileType = sourcecode.c.h; path = linearsystem_rigidfield.h; sourceTree = "<group>"; };
		A9A02912118DB87700F2D39A /* rigidbody.h */ = {isa = PBXFileReference; fileEncoding = 4; lastKnownFileType = sourcecode.c.h; path = rigidbody.h; sourceTree = "<group>"; };
		A9A02913118DB87700F2D39A /* serialize.h */ = {isa = PBXFileReference; fileEncoding = 4; lastKnownFileType = sourcecode.c.h; name = serialize.h; path = ../../../include/delfem/serialize.h; sourceTree = SOURCE_ROOT; };
		A9A02914118DB87700F2D39A /* uglyfont.h */ = {isa = PBXFileReference; fileEncoding = 4; lastKnownFileType = sourcecode.c.h; name = uglyfont.h; path = ../../../include/delfem/uglyfont.h; sourceTree = SOURCE_ROOT; };
		A9A02915118DB87700F2D39A /* vector2d.h */ = {isa = PBXFileReference; fileEncoding = 4; lastKnownFileType = sourcecode.c.h; name = vector2d.h; path = ../../../include/delfem/vector2d.h; sourceTree = SOURCE_ROOT; };
		A9A02916118DB87700F2D39A /* vector3d.h */ = {isa = PBXFileReference; fileEncoding = 4; lastKnownFileType = sourcecode.c.h; name = vector3d.h; path = ../../../include/delfem/vector3d.h; sourceTree = SOURCE_ROOT; };
		A9A02A53118F13AB00F2D39A /* eqn_linear_solid2d.h */ = {isa = PBXFileReference; fileEncoding = 4; lastKnownFileType = sourcecode.c.h; path = eqn_linear_solid2d.h; sourceTree = "<group>"; };
		A9A02A54118F13AB00F2D39A /* eqn_linear_solid3d.h */ = {isa = PBXFileReference; fileEncoding = 4; lastKnownFileType = sourcecode.c.h; path = eqn_linear_solid3d.h; sourceTree = "<group>"; };
		A9A02A57118F143C00F2D39A /* eqn_linear_solid2d.cpp */ = {isa = PBXFileReference; fileEncoding = 4; lastKnownFileType = sourcecode.cpp.cpp; name = eqn_linear_solid2d.cpp; path = ../../../src/femeqn/eqn_linear_solid2d.cpp; sourceTree = SOURCE_ROOT; };
		A9A02A58118F143C00F2D39A /* eqn_linear_solid3d.cpp */ = {isa = PBXFileReference; fileEncoding = 4; lastKnownFileType = sourcecode.cpp.cpp; name = eqn_linear_solid3d.cpp; path = ../../../src/femeqn/eqn_linear_solid3d.cpp; sourceTree = SOURCE_ROOT; };
		D2AAC046055464E500DB518D /* libdfm_core.a */ = {isa = PBXFileReference; explicitFileType = archive.ar; includeInIndex = 0; path = libdfm_core.a; sourceTree = BUILT_PRODUCTS_DIR; };
/* End PBXFileReference section */

/* Begin PBXFrameworksBuildPhase section */
		D289987405E68DCB004EDB86 /* Frameworks */ = {
			isa = PBXFrameworksBuildPhase;
			buildActionMask = 2147483647;
			files = (
			);
			runOnlyForDeploymentPostprocessing = 0;
		};
/* End PBXFrameworksBuildPhase section */

/* Begin PBXGroup section */
		08FB7794FE84155DC02AAC07 /* dfm_core */ = {
			isa = PBXGroup;
			children = (
				A9A02973118DB8C400F2D39A /* Header */,
				08FB7795FE84155DC02AAC07 /* Source */,
				C6A0FF2B0290797F04C91782 /* Documentation */,
				1AB674ADFE9D54B511CA2CBB /* Products */,
			);
			name = dfm_core;
			sourceTree = "<group>";
		};
		08FB7795FE84155DC02AAC07 /* Source */ = {
			isa = PBXGroup;
			children = (
				A9A027EA118DAD1000F2D39A /* rigid */,
				A93778F711889D180005F42F /* femls */,
				A93778F611889D040005F42F /* femeqn */,
				A93778D511889CD70005F42F /* femfield */,
				A93778B711889C400005F42F /* ls */,
				A93778AB11889B5C0005F42F /* matvec */,
				A937787011889A8A0005F42F /* msh */,
				A937786411889A1F0005F42F /* cad */,
				A937786311889A0E0005F42F /* com */,
			);
			name = Source;
			sourceTree = "<group>";
		};
		1AB674ADFE9D54B511CA2CBB /* Products */ = {
			isa = PBXGroup;
			children = (
				D2AAC046055464E500DB518D /* libdfm_core.a */,
			);
			name = Products;
			sourceTree = "<group>";
		};
		A937786311889A0E0005F42F /* com */ = {
			isa = PBXGroup;
			children = (
				A9377844118898A30005F42F /* drawer_gl_utility.cpp */,
				A9377845118898A30005F42F /* drawer.cpp */,
				A9377846118898A30005F42F /* quaternion.cpp */,
				A9377847118898A30005F42F /* uglyfont.cpp */,
				A9377848118898A30005F42F /* vector3d.cpp */,
			);
			name = com;
			sourceTree = "<group>";
		};
		A937786411889A1F0005F42F /* cad */ = {
			isa = PBXGroup;
			children = (
				A937786511889A3D0005F42F /* brep.cpp */,
				A937786611889A3D0005F42F /* brep2d.cpp */,
				A937786711889A3D0005F42F /* cad_elem2d.cpp */,
				A937786811889A3D0005F42F /* cad_obj2d.cpp */,
				A937786911889A3D0005F42F /* drawer_cad.cpp */,
			);
			name = cad;
			sourceTree = "<group>";
		};
		A937787011889A8A0005F42F /* msh */ = {
			isa = PBXGroup;
			children = (
				A937787711889AA90005F42F /* drawer_msh.cpp */,
				A937787811889AA90005F42F /* mesh3d_extrude.cpp */,
				A937787911889AA90005F42F /* mesh3d.cpp */,
				A937787A11889AA90005F42F /* mesher2d.cpp */,
				A937787B11889AA90005F42F /* mesher3d.cpp */,
				A937787C11889AA90005F42F /* meshkernel2d.cpp */,
				A937787D11889AA90005F42F /* meshkernel3d.cpp */,
			);
			name = msh;
			sourceTree = "<group>";
		};
		A93778AB11889B5C0005F42F /* matvec */ = {
			isa = PBXGroup;
			children = (
				A937788911889B490005F42F /* mat_blkcrs.cpp */,
				A937788A11889B490005F42F /* matdia_blkcrs.cpp */,
				A937788B11889B490005F42F /* matdiafrac_blkcrs.cpp */,
				A937788C11889B490005F42F /* matdiainv_blkdia.cpp */,
				A937788D11889B490005F42F /* matfrac_blkcrs.cpp */,
				A937788E11889B490005F42F /* matprolong_blkcrs.cpp */,
				A937788F11889B490005F42F /* ordering_blk.cpp */,
				A937789011889B490005F42F /* solver_mat_iter.cpp */,
				A937789111889B490005F42F /* solver_mg.cpp */,
				A937789211889B490005F42F /* vector_blk.cpp */,
				A937789311889B490005F42F /* zmat_blkcrs.cpp */,
				A937789411889B490005F42F /* zmatdia_blkcrs.cpp */,
				A937789511889B490005F42F /* zmatdiafrac_blkcrs.cpp */,
				A937789611889B490005F42F /* zsolver_mat_iter.cpp */,
				A937789711889B490005F42F /* zvector_blk.cpp */,
			);
			name = matvec;
			sourceTree = "<group>";
		};
		A93778B711889C400005F42F /* ls */ = {
			isa = PBXGroup;
			children = (
				A93778AF11889C3A0005F42F /* eigen_lanczos.cpp */,
				A93778B011889C3B0005F42F /* linearsystem.cpp */,
				A93778B111889C3B0005F42F /* preconditioner.cpp */,
				A93778B211889C3B0005F42F /* solver_ls_iter.cpp */,
			);
			name = ls;
			sourceTree = "<group>";
		};
		A93778D511889CD70005F42F /* femfield */ = {
			isa = PBXGroup;
			children = (
				A93778BF11889CD30005F42F /* drawer_field_edge.cpp */,
				A93778C011889CD30005F42F /* drawer_field_face.cpp */,
				A93778C111889CD30005F42F /* drawer_field_image_based_flow_vis.cpp */,
				A93778C211889CD30005F42F /* drawer_field_streamline.cpp */,
				A93778C311889CD30005F42F /* drawer_field_vector.cpp */,
				A93778C411889CD30005F42F /* drawer_field.cpp */,
				A93778C511889CD30005F42F /* elem_ary.cpp */,
				A93778C611889CD30005F42F /* eval.cpp */,
				A93778C711889CD30005F42F /* field_world.cpp */,
				A93778C811889CD30005F42F /* field.cpp */,
				A93778C911889CD30005F42F /* node_ary.cpp */,
			);
			name = femfield;
			sourceTree = "<group>";
		};
		A93778F611889D040005F42F /* femeqn */ = {
			isa = PBXGroup;
			children = (
				A9A02A57118F143C00F2D39A /* eqn_linear_solid2d.cpp */,
				A9A02A58118F143C00F2D39A /* eqn_linear_solid3d.cpp */,
				A93778D611889CFB0005F42F /* eqn_advection_diffusion.cpp */,
				A93778D711889CFB0005F42F /* eqn_diffusion.cpp */,
				A93778D811889CFB0005F42F /* eqn_dkt.cpp */,
				A93778D911889CFB0005F42F /* eqn_helmholtz.cpp */,
				A93778DA11889CFB0005F42F /* eqn_hyper.cpp */,
				A93778DC11889CFB0005F42F /* eqn_navier_stokes.cpp */,
				A93778DD11889CFB0005F42F /* eqn_poisson.cpp */,
				A93778DE11889CFB0005F42F /* eqn_st_venant.cpp */,
				A93778DF11889CFB0005F42F /* eqn_stokes.cpp */,
				A93778E011889CFB0005F42F /* eqnsys_fluid.cpp */,
				A93778E111889CFB0005F42F /* eqnsys_scalar.cpp */,
				A93778E211889CFB0005F42F /* eqnsys_shell.cpp */,
				A93778E311889CFB0005F42F /* eqnsys_solid.cpp */,
				A93778E411889CFB0005F42F /* eqnsys.cpp */,
				A93778E511889CFB0005F42F /* ker_emat_tri.cpp */,
			);
			name = femeqn;
			sourceTree = "<group>";
		};
		A93778F711889D180005F42F /* femls */ = {
			isa = PBXGroup;
			children = (
				A93778F811889D2A0005F42F /* linearsystem_field.cpp */,
				A93778F911889D2A0005F42F /* linearsystem_fieldsave.cpp */,
				A93778FA11889D2A0005F42F /* zlinearsystem.cpp */,
				A93778FB11889D2A0005F42F /* zsolver_ls_iter.cpp */,
			);
			name = femls;
			sourceTree = "<group>";
		};
		A9A027EA118DAD1000F2D39A /* rigid */ = {
			isa = PBXGroup;
			children = (
				A9A027E4118DAD0500F2D39A /* linearsystem_rigid.cpp */,
				A9A027E5118DAD0500F2D39A /* linearsystem_rigidfield.cpp */,
				A9A027E6118DAD0500F2D39A /* rigidbody.cpp */,
			);
			name = rigid;
			sourceTree = "<group>";
		};
		A9A028B4118DB87700F2D39A /* cad */ = {
			isa = PBXGroup;
			children = (
				A9A028B5118DB87700F2D39A /* brep.h */,
				A9A028B6118DB87700F2D39A /* brep2d.h */,
				A9A028B7118DB87700F2D39A /* cad_elem2d.h */,
				A9A028B8118DB87700F2D39A /* objset_cad.h */,
				A9A028B9118DB87700F2D39A /* truss2d.h */,
			);
			name = cad;
			path = ../../../include/delfem/cad;
			sourceTree = SOURCE_ROOT;
		};
		A9A028D0118DB87700F2D39A /* femeqn */ = {
			isa = PBXGroup;
			children = (
				A9A02A53118F13AB00F2D39A /* eqn_linear_solid2d.h */,
				A9A02A54118F13AB00F2D39A /* eqn_linear_solid3d.h */,
				A9A028D1118DB87700F2D39A /* eqn_advection_diffusion.h */,
				A9A028D2118DB87700F2D39A /* eqn_diffusion.h */,
				A9A028D3118DB87700F2D39A /* eqn_dkt.h */,
				A9A028D4118DB87700F2D39A /* eqn_helmholtz.h */,
				A9A028D5118DB87700F2D39A /* eqn_hyper.h */,
				A9A028D7118DB87700F2D39A /* eqn_navier_stokes.h */,
				A9A028D8118DB87700F2D39A /* eqn_poisson.h */,
				A9A028D9118DB87700F2D39A /* eqn_st_venant.h */,
				A9A028DA118DB87700F2D39A /* eqn_stokes.h */,
				A9A028DB118DB87700F2D39A /* ker_emat_bar.h */,
				A9A028DC118DB87700F2D39A /* ker_emat_hex.h */,
				A9A028DD118DB87700F2D39A /* ker_emat_quad.h */,
				A9A028DE118DB87700F2D39A /* ker_emat_tet.h */,
				A9A028DF118DB87700F2D39A /* ker_emat_tri.h */,
			);
			name = femeqn;
			path = ../../../include/delfem/femeqn;
			sourceTree = SOURCE_ROOT;
		};
		A9A028E0118DB87700F2D39A /* femls */ = {
			isa = PBXGroup;
			children = (
				A9A028E1118DB87700F2D39A /* linearsystem_field.h */,
				A9A028E2118DB87700F2D39A /* linearsystem_fieldsave.h */,
				A9A028E3118DB87700F2D39A /* zlinearsystem.h */,
				A9A028E4118DB87700F2D39A /* zpreconditioner.h */,
				A9A028E5118DB87700F2D39A /* zsolver_ls_iter.h */,
			);
			name = femls;
			path = ../../../include/delfem/femls;
			sourceTree = SOURCE_ROOT;
		};
		A9A028EA118DB87700F2D39A /* ls */ = {
			isa = PBXGroup;
			children = (
				A9A028EB118DB87700F2D39A /* eigen_lanczos.h */,
				A9A028EC118DB87700F2D39A /* linearsystem.h */,
				A9A028ED118DB87700F2D39A /* linearsystem_interface_solver.h */,
				A9A028EE118DB87700F2D39A /* preconditioner.h */,
				A9A028EF118DB87700F2D39A /* solver_ls_iter.h */,
			);
			name = ls;
			path = ../../../include/delfem/ls;
			sourceTree = SOURCE_ROOT;
		};
		A9A028F0118DB87700F2D39A /* matvec */ = {
			isa = PBXGroup;
			children = (
				A9A028F1118DB87700F2D39A /* bcflag_blk.h */,
				A9A028F2118DB87700F2D39A /* diamat_blk.h */,
				A9A028F3118DB87700F2D39A /* ker_mat.h */,
				A9A028F4118DB87700F2D39A /* mat_blkcrs.h */,
				A9A028F5118DB87700F2D39A /* matdia_blkcrs.h */,
				A9A028F6118DB87700F2D39A /* matdiafrac_blkcrs.h */,
				A9A028F7118DB87700F2D39A /* matdiainv_blkdia.h */,
				A9A028F8118DB87700F2D39A /* matfrac_blkcrs.h */,
				A9A028F9118DB87700F2D39A /* matprecond_blk.h */,
				A9A028FA118DB87700F2D39A /* matprolong_blkcrs.h */,
				A9A028FB118DB87700F2D39A /* ordering_blk.h */,
				A9A028FC118DB87700F2D39A /* solver_mat_iter.h */,
				A9A028FD118DB87700F2D39A /* solver_mg.h */,
				A9A028FE118DB87700F2D39A /* vector_blk.h */,
				A9A028FF118DB87700F2D39A /* zmat_blkcrs.h */,
				A9A02900118DB87700F2D39A /* zmatdia_blkcrs.h */,
				A9A02901118DB87700F2D39A /* zmatdiafrac_blkcrs.h */,
				A9A02902118DB87700F2D39A /* zmatprecond_blk.h */,
				A9A02903118DB87700F2D39A /* zsolver_mat_iter.h */,
				A9A02904118DB87700F2D39A /* zvector_blk.h */,
			);
			name = matvec;
			path = ../../../include/delfem/matvec;
			sourceTree = SOURCE_ROOT;
		};
		A9A02909118DB87700F2D39A /* msh */ = {
			isa = PBXGroup;
			children = (
				A9A0290A118DB87700F2D39A /* meshkernel2d.h */,
				A9A0290B118DB87700F2D39A /* meshkernel3d.h */,
			);
			name = msh;
			path = ../../../include/delfem/msh;
			sourceTree = SOURCE_ROOT;
		};
		A9A0290F118DB87700F2D39A /* rigid */ = {
			isa = PBXGroup;
			children = (
				A9A02910118DB87700F2D39A /* linearsystem_rigid.h */,
				A9A02911118DB87700F2D39A /* linearsystem_rigidfield.h */,
				A9A02912118DB87700F2D39A /* rigidbody.h */,
			);
			name = rigid;
			path = ../../../include/delfem/rigid;
			sourceTree = SOURCE_ROOT;
		};
		A9A02973118DB8C400F2D39A /* Header */ = {
			isa = PBXGroup;
			children = (
				A9A028B4118DB87700F2D39A /* cad */,
				A9A028BA118DB87700F2D39A /* cad_com.h */,
				A9A028BB118DB87700F2D39A /* cad_obj2d.h */,
				A9A028BC118DB87700F2D39A /* cad2d_interface.h */,
				A9A028BD118DB87700F2D39A /* camera.h */,
				A9A028BE118DB87700F2D39A /* complex.h */,
				A9A028BF118DB87700F2D39A /* drawer_cad.h */,
				A9A028C0118DB87700F2D39A /* drawer_field_edge.h */,
				A9A028C1118DB87700F2D39A /* drawer_field_face.h */,
				A9A028C2118DB87700F2D39A /* drawer_field_image_based_flow_vis.h */,
				A9A028C3118DB87700F2D39A /* drawer_field_streamline.h */,
				A9A028C4118DB87700F2D39A /* drawer_field_vector.h */,
				A9A028C5118DB87700F2D39A /* drawer_field.h */,
				A9A028C6118DB87700F2D39A /* drawer_gl_utility.h */,
				A9A028C7118DB87700F2D39A /* drawer_msh.h */,
				A9A028C8118DB87700F2D39A /* drawer.h */,
				A9A028C9118DB87700F2D39A /* elem_ary.h */,
				A9A028CA118DB87700F2D39A /* eqnsys_fluid.h */,
				A9A028CB118DB87700F2D39A /* eqnsys_scalar.h */,
				A9A028CC118DB87700F2D39A /* eqnsys_shell.h */,
				A9A028CD118DB87700F2D39A /* eqnsys_solid.h */,
				A9A028CE118DB87700F2D39A /* eqnsys.h */,
				A9A028CF118DB87700F2D39A /* eval.h */,
				A9A028D0118DB87700F2D39A /* femeqn */,
				A9A028E0118DB87700F2D39A /* femls */,
				A9A028E6118DB87700F2D39A /* field_world.h */,
				A9A028E7118DB87700F2D39A /* field.h */,
				A9A028E8118DB87700F2D39A /* indexed_array.h */,
				A9A028E9118DB87700F2D39A /* linearsystem_interface_eqnsys.h */,
				A9A028EA118DB87700F2D39A /* ls */,
				A9A028F0118DB87700F2D39A /* matvec */,
				A9A02905118DB87700F2D39A /* mesh_interface.h */,
				A9A02906118DB87700F2D39A /* mesh_primitive.h */,
				A9A02907118DB87700F2D39A /* mesh3d.h */,
				A9A02908118DB87700F2D39A /* mesher2d.h */,
				A9A02909118DB87700F2D39A /* msh */,
				A9A0290C118DB87700F2D39A /* node_ary.h */,
				A9A0290D118DB87700F2D39A /* objset.h */,
				A9A0290E118DB87700F2D39A /* quaternion.h */,
				A9A0290F118DB87700F2D39A /* rigid */,
				A9A02913118DB87700F2D39A /* serialize.h */,
				A9A02914118DB87700F2D39A /* uglyfont.h */,
				A9A02915118DB87700F2D39A /* vector2d.h */,
				A9A02916118DB87700F2D39A /* vector3d.h */,
			);
			name = Header;
			sourceTree = "<group>";
		};
		C6A0FF2B0290797F04C91782 /* Documentation */ = {
			isa = PBXGroup;
			children = (
			);
			name = Documentation;
			sourceTree = "<group>";
		};
/* End PBXGroup section */

/* Begin PBXHeadersBuildPhase section */
		D2AAC043055464E500DB518D /* Headers */ = {
			isa = PBXHeadersBuildPhase;
			buildActionMask = 2147483647;
			files = (
				A9A02917118DB87700F2D39A /* brep.h in Headers */,
				A9A02918118DB87700F2D39A /* brep2d.h in Headers */,
				A9A02919118DB87700F2D39A /* cad_elem2d.h in Headers */,
				A9A0291A118DB87700F2D39A /* objset_cad.h in Headers */,
				A9A0291B118DB87700F2D39A /* truss2d.h in Headers */,
				A9A0291C118DB87700F2D39A /* cad_com.h in Headers */,
				A9A0291D118DB87700F2D39A /* cad_obj2d.h in Headers */,
				A9A0291E118DB87700F2D39A /* cad2d_interface.h in Headers */,
				A9A0291F118DB87700F2D39A /* camera.h in Headers */,
				A9A02920118DB87700F2D39A /* complex.h in Headers */,
				A9A02921118DB87700F2D39A /* drawer_cad.h in Headers */,
				A9A02922118DB87700F2D39A /* drawer_field_edge.h in Headers */,
				A9A02923118DB87700F2D39A /* drawer_field_face.h in Headers */,
				A9A02924118DB87700F2D39A /* drawer_field_image_based_flow_vis.h in Headers */,
				A9A02925118DB87700F2D39A /* drawer_field_streamline.h in Headers */,
				A9A02926118DB87700F2D39A /* drawer_field_vector.h in Headers */,
				A9A02927118DB87700F2D39A /* drawer_field.h in Headers */,
				A9A02928118DB87700F2D39A /* drawer_gl_utility.h in Headers */,
				A9A02929118DB87700F2D39A /* drawer_msh.h in Headers */,
				A9A0292A118DB87700F2D39A /* drawer.h in Headers */,
				A9A0292B118DB87700F2D39A /* elem_ary.h in Headers */,
				A9A0292C118DB87700F2D39A /* eqnsys_fluid.h in Headers */,
				A9A0292D118DB87700F2D39A /* eqnsys_scalar.h in Headers */,
				A9A0292E118DB87700F2D39A /* eqnsys_shell.h in Headers */,
				A9A0292F118DB87700F2D39A /* eqnsys_solid.h in Headers */,
				A9A02930118DB87700F2D39A /* eqnsys.h in Headers */,
				A9A02931118DB87700F2D39A /* eval.h in Headers */,
				A9A02932118DB87700F2D39A /* eqn_advection_diffusion.h in Headers */,
				A9A02933118DB87700F2D39A /* eqn_diffusion.h in Headers */,
				A9A02934118DB87700F2D39A /* eqn_dkt.h in Headers */,
				A9A02935118DB87700F2D39A /* eqn_helmholtz.h in Headers */,
				A9A02936118DB87700F2D39A /* eqn_hyper.h in Headers */,
				A9A02938118DB87700F2D39A /* eqn_navier_stokes.h in Headers */,
				A9A02939118DB87700F2D39A /* eqn_poisson.h in Headers */,
				A9A0293A118DB87700F2D39A /* eqn_st_venant.h in Headers */,
				A9A0293B118DB87700F2D39A /* eqn_stokes.h in Headers */,
				A9A0293C118DB87700F2D39A /* ker_emat_bar.h in Headers */,
				A9A0293D118DB87700F2D39A /* ker_emat_hex.h in Headers */,
				A9A0293E118DB87700F2D39A /* ker_emat_quad.h in Headers */,
				A9A0293F118DB87700F2D39A /* ker_emat_tet.h in Headers */,
				A9A02940118DB87700F2D39A /* ker_emat_tri.h in Headers */,
				A9A02941118DB87700F2D39A /* linearsystem_field.h in Headers */,
				A9A02942118DB87700F2D39A /* linearsystem_fieldsave.h in Headers */,
				A9A02943118DB87700F2D39A /* zlinearsystem.h in Headers */,
				A9A02944118DB87700F2D39A /* zpreconditioner.h in Headers */,
				A9A02945118DB87700F2D39A /* zsolver_ls_iter.h in Headers */,
				A9A02946118DB87700F2D39A /* field_world.h in Headers */,
				A9A02947118DB87700F2D39A /* field.h in Headers */,
				A9A02948118DB87700F2D39A /* indexed_array.h in Headers */,
				A9A02949118DB87700F2D39A /* linearsystem_interface_eqnsys.h in Headers */,
				A9A0294A118DB87700F2D39A /* eigen_lanczos.h in Headers */,
				A9A0294B118DB87700F2D39A /* linearsystem.h in Headers */,
				A9A0294C118DB87700F2D39A /* linearsystem_interface_solver.h in Headers */,
				A9A0294D118DB87700F2D39A /* preconditioner.h in Headers */,
				A9A0294E118DB87700F2D39A /* solver_ls_iter.h in Headers */,
				A9A0294F118DB87700F2D39A /* bcflag_blk.h in Headers */,
				A9A02950118DB87700F2D39A /* diamat_blk.h in Headers */,
				A9A02951118DB87700F2D39A /* ker_mat.h in Headers */,
				A9A02952118DB87700F2D39A /* mat_blkcrs.h in Headers */,
				A9A02953118DB87700F2D39A /* matdia_blkcrs.h in Headers */,
				A9A02954118DB87700F2D39A /* matdiafrac_blkcrs.h in Headers */,
				A9A02955118DB87700F2D39A /* matdiainv_blkdia.h in Headers */,
				A9A02956118DB87700F2D39A /* matfrac_blkcrs.h in Headers */,
				A9A02957118DB87700F2D39A /* matprecond_blk.h in Headers */,
				A9A02958118DB87700F2D39A /* matprolong_blkcrs.h in Headers */,
				A9A02959118DB87700F2D39A /* ordering_blk.h in Headers */,
				A9A0295A118DB87700F2D39A /* solver_mat_iter.h in Headers */,
				A9A0295B118DB87700F2D39A /* solver_mg.h in Headers */,
				A9A0295C118DB87700F2D39A /* vector_blk.h in Headers */,
				A9A0295D118DB87700F2D39A /* zmat_blkcrs.h in Headers */,
				A9A0295E118DB87700F2D39A /* zmatdia_blkcrs.h in Headers */,
				A9A0295F118DB87700F2D39A /* zmatdiafrac_blkcrs.h in Headers */,
				A9A02960118DB87700F2D39A /* zmatprecond_blk.h in Headers */,
				A9A02961118DB87700F2D39A /* zsolver_mat_iter.h in Headers */,
				A9A02962118DB87700F2D39A /* zvector_blk.h in Headers */,
				A9A02963118DB87700F2D39A /* mesh_interface.h in Headers */,
				A9A02964118DB87700F2D39A /* mesh_primitive.h in Headers */,
				A9A02965118DB87700F2D39A /* mesh3d.h in Headers */,
				A9A02966118DB87700F2D39A /* mesher2d.h in Headers */,
				A9A02967118DB87700F2D39A /* meshkernel2d.h in Headers */,
				A9A02968118DB87700F2D39A /* meshkernel3d.h in Headers */,
				A9A02969118DB87700F2D39A /* node_ary.h in Headers */,
				A9A0296A118DB87700F2D39A /* objset.h in Headers */,
				A9A0296B118DB87700F2D39A /* quaternion.h in Headers */,
				A9A0296C118DB87700F2D39A /* linearsystem_rigid.h in Headers */,
				A9A0296D118DB87700F2D39A /* linearsystem_rigidfield.h in Headers */,
				A9A0296E118DB87700F2D39A /* rigidbody.h in Headers */,
				A9A0296F118DB87700F2D39A /* serialize.h in Headers */,
				A9A02970118DB87700F2D39A /* uglyfont.h in Headers */,
				A9A02971118DB87700F2D39A /* vector2d.h in Headers */,
				A9A02972118DB87700F2D39A /* vector3d.h in Headers */,
				A9A02A55118F13AB00F2D39A /* eqn_linear_solid2d.h in Headers */,
				A9A02A56118F13AB00F2D39A /* eqn_linear_solid3d.h in Headers */,
			);
			runOnlyForDeploymentPostprocessing = 0;
		};
/* End PBXHeadersBuildPhase section */

/* Begin PBXNativeTarget section */
		D2AAC045055464E500DB518D /* dfm_core */ = {
			isa = PBXNativeTarget;
			buildConfigurationList = 1DEB91EB08733DB70010E9CD /* Build configuration list for PBXNativeTarget "dfm_core" */;
			buildPhases = (
				D2AAC043055464E500DB518D /* Headers */,
				D2AAC044055464E500DB518D /* Sources */,
				D289987405E68DCB004EDB86 /* Frameworks */,
			);
			buildRules = (
			);
			dependencies = (
			);
			name = dfm_core;
			productName = dfm_core;
			productReference = D2AAC046055464E500DB518D /* libdfm_core.a */;
			productType = "com.apple.product-type.library.static";
		};
/* End PBXNativeTarget section */

/* Begin PBXProject section */
		08FB7793FE84155DC02AAC07 /* Project object */ = {
			isa = PBXProject;
			buildConfigurationList = 1DEB91EF08733DB70010E9CD /* Build configuration list for PBXProject "dfm_core" */;
			compatibilityVersion = "Xcode 3.1";
			hasScannedForEncodings = 1;
			mainGroup = 08FB7794FE84155DC02AAC07 /* dfm_core */;
			projectDirPath = "";
			projectRoot = "";
			targets = (
				D2AAC045055464E500DB518D /* dfm_core */,
			);
		};
/* End PBXProject section */

/* Begin PBXSourcesBuildPhase section */
		D2AAC044055464E500DB518D /* Sources */ = {
			isa = PBXSourcesBuildPhase;
			buildActionMask = 2147483647;
			files = (
				A9377849118898A30005F42F /* drawer_gl_utility.cpp in Sources */,
				A937784A118898A30005F42F /* drawer.cpp in Sources */,
				A937784B118898A30005F42F /* quaternion.cpp in Sources */,
				A937784C118898A30005F42F /* uglyfont.cpp in Sources */,
				A937784D118898A30005F42F /* vector3d.cpp in Sources */,
				A937786A11889A3D0005F42F /* brep.cpp in Sources */,
				A937786B11889A3D0005F42F /* brep2d.cpp in Sources */,
				A937786C11889A3D0005F42F /* cad_elem2d.cpp in Sources */,
				A937786D11889A3D0005F42F /* cad_obj2d.cpp in Sources */,
				A937786E11889A3D0005F42F /* drawer_cad.cpp in Sources */,
				A937787E11889AA90005F42F /* drawer_msh.cpp in Sources */,
				A937787F11889AA90005F42F /* mesh3d_extrude.cpp in Sources */,
				A937788011889AA90005F42F /* mesh3d.cpp in Sources */,
				A937788111889AA90005F42F /* mesher2d.cpp in Sources */,
				A937788211889AA90005F42F /* mesher3d.cpp in Sources */,
				A937788311889AA90005F42F /* meshkernel2d.cpp in Sources */,
				A937788411889AA90005F42F /* meshkernel3d.cpp in Sources */,
				A937789811889B490005F42F /* mat_blkcrs.cpp in Sources */,
				A937789911889B490005F42F /* matdia_blkcrs.cpp in Sources */,
				A937789A11889B490005F42F /* matdiafrac_blkcrs.cpp in Sources */,
				A937789B11889B490005F42F /* matdiainv_blkdia.cpp in Sources */,
				A937789C11889B490005F42F /* matfrac_blkcrs.cpp in Sources */,
				A937789D11889B490005F42F /* matprolong_blkcrs.cpp in Sources */,
				A937789E11889B490005F42F /* ordering_blk.cpp in Sources */,
				A937789F11889B490005F42F /* solver_mat_iter.cpp in Sources */,
				A93778A011889B490005F42F /* solver_mg.cpp in Sources */,
				A93778A111889B490005F42F /* vector_blk.cpp in Sources */,
				A93778A211889B490005F42F /* zmat_blkcrs.cpp in Sources */,
				A93778A311889B490005F42F /* zmatdia_blkcrs.cpp in Sources */,
				A93778A411889B490005F42F /* zmatdiafrac_blkcrs.cpp in Sources */,
				A93778A511889B490005F42F /* zsolver_mat_iter.cpp in Sources */,
				A93778A611889B490005F42F /* zvector_blk.cpp in Sources */,
				A93778B311889C3B0005F42F /* eigen_lanczos.cpp in Sources */,
				A93778B411889C3B0005F42F /* linearsystem.cpp in Sources */,
				A93778B511889C3B0005F42F /* preconditioner.cpp in Sources */,
				A93778B611889C3B0005F42F /* solver_ls_iter.cpp in Sources */,
				A93778CA11889CD30005F42F /* drawer_field_edge.cpp in Sources */,
				A93778CB11889CD30005F42F /* drawer_field_face.cpp in Sources */,
				A93778CC11889CD30005F42F /* drawer_field_image_based_flow_vis.cpp in Sources */,
				A93778CD11889CD30005F42F /* drawer_field_streamline.cpp in Sources */,
				A93778CE11889CD30005F42F /* drawer_field_vector.cpp in Sources */,
				A93778CF11889CD30005F42F /* drawer_field.cpp in Sources */,
				A93778D011889CD30005F42F /* elem_ary.cpp in Sources */,
				A93778D111889CD30005F42F /* eval.cpp in Sources */,
				A93778D211889CD30005F42F /* field_world.cpp in Sources */,
				A93778D311889CD30005F42F /* field.cpp in Sources */,
				A93778D411889CD30005F42F /* node_ary.cpp in Sources */,
				A93778E611889CFB0005F42F /* eqn_advection_diffusion.cpp in Sources */,
				A93778E711889CFB0005F42F /* eqn_diffusion.cpp in Sources */,
				A93778E811889CFB0005F42F /* eqn_dkt.cpp in Sources */,
				A93778E911889CFB0005F42F /* eqn_helmholtz.cpp in Sources */,
				A93778EA11889CFB0005F42F /* eqn_hyper.cpp in Sources */,
				A93778EC11889CFB0005F42F /* eqn_navier_stokes.cpp in Sources */,
				A93778ED11889CFB0005F42F /* eqn_poisson.cpp in Sources */,
				A93778EE11889CFB0005F42F /* eqn_st_venant.cpp in Sources */,
				A93778EF11889CFB0005F42F /* eqn_stokes.cpp in Sources */,
				A93778F011889CFB0005F42F /* eqnsys_fluid.cpp in Sources */,
				A93778F111889CFB0005F42F /* eqnsys_scalar.cpp in Sources */,
				A93778F211889CFB0005F42F /* eqnsys_shell.cpp in Sources */,
				A93778F311889CFB0005F42F /* eqnsys_solid.cpp in Sources */,
				A93778F411889CFB0005F42F /* eqnsys.cpp in Sources */,
				A93778F511889CFB0005F42F /* ker_emat_tri.cpp in Sources */,
				A93778FC11889D2A0005F42F /* linearsystem_field.cpp in Sources */,
				A93778FD11889D2A0005F42F /* linearsystem_fieldsave.cpp in Sources */,
				A93778FE11889D2A0005F42F /* zlinearsystem.cpp in Sources */,
				A93778FF11889D2A0005F42F /* zsolver_ls_iter.cpp in Sources */,
				A9A027E7118DAD0500F2D39A /* linearsystem_rigid.cpp in Sources */,
				A9A027E8118DAD0500F2D39A /* linearsystem_rigidfield.cpp in Sources */,
				A9A027E9118DAD0500F2D39A /* rigidbody.cpp in Sources */,
				A9A02A59118F143C00F2D39A /* eqn_linear_solid2d.cpp in Sources */,
				A9A02A5A118F143C00F2D39A /* eqn_linear_solid3d.cpp in Sources */,
			);
			runOnlyForDeploymentPostprocessing = 0;
		};
/* End PBXSourcesBuildPhase section */

/* Begin XCBuildConfiguration section */
		1DEB91EC08733DB70010E9CD /* Debug */ = {
			isa = XCBuildConfiguration;
			buildSettings = {
				ALWAYS_SEARCH_USER_PATHS = NO;
				COPY_PHASE_STRIP = NO;
				GCC_DYNAMIC_NO_PIC = NO;
				GCC_ENABLE_FIX_AND_CONTINUE = YES;
				GCC_MODEL_TUNING = G5;
				GCC_OPTIMIZATION_LEVEL = 0;
				INSTALL_PATH = /usr/local/lib;
				PRODUCT_NAME = dfm_core;
			};
			name = Debug;
		};
		1DEB91ED08733DB70010E9CD /* Release */ = {
			isa = XCBuildConfiguration;
			buildSettings = {
				ALWAYS_SEARCH_USER_PATHS = NO;
				DEBUG_INFORMATION_FORMAT = "dwarf-with-dsym";
				GCC_MODEL_TUNING = G5;
				INSTALL_PATH = /usr/local/lib;
				PRODUCT_NAME = dfm_core;
			};
			name = Release;
		};
		1DEB91F008733DB70010E9CD /* Debug */ = {
			isa = XCBuildConfiguration;
			buildSettings = {
				ARCHS = "$(ARCHS_STANDARD_32_64_BIT)";
				GCC_C_LANGUAGE_STANDARD = gnu99;
				GCC_OPTIMIZATION_LEVEL = 0;
				GCC_WARN_ABOUT_RETURN_TYPE = YES;
				GCC_WARN_UNUSED_VARIABLE = YES;
				ONLY_ACTIVE_ARCH = YES;
				PREBINDING = NO;
				SDKROOT = macosx10.6;
				USER_HEADER_SEARCH_PATHS = "~/develop/delfem/include";
			};
			name = Debug;
		};
		1DEB91F108733DB70010E9CD /* Release */ = {
			isa = XCBuildConfiguration;
			buildSettings = {
				ARCHS = "$(ARCHS_STANDARD_32_64_BIT)";
				GCC_C_LANGUAGE_STANDARD = gnu99;
				GCC_WARN_ABOUT_RETURN_TYPE = YES;
				GCC_WARN_UNUSED_VARIABLE = YES;
				PREBINDING = NO;
				SDKROOT = macosx10.6;
				USER_HEADER_SEARCH_PATHS = "~/develop/delfem/include/";
			};
			name = Release;
		};
/* End XCBuildConfiguration section */

/* Begin XCConfigurationList section */
		1DEB91EB08733DB70010E9CD /* Build configuration list for PBXNativeTarget "dfm_core" */ = {
			isa = XCConfigurationList;
			buildConfigurations = (
				1DEB91EC08733DB70010E9CD /* Debug */,
				1DEB91ED08733DB70010E9CD /* Release */,
			);
			defaultConfigurationIsVisible = 0;
			defaultConfigurationName = Release;
		};
		1DEB91EF08733DB70010E9CD /* Build configuration list for PBXProject "dfm_core" */ = {
			isa = XCConfigurationList;
			buildConfigurations = (
				1DEB91F008733DB70010E9CD /* Debug */,
				1DEB91F108733DB70010E9CD /* Release */,
			);
			defaultConfigurationIsVisible = 0;
			defaultConfigurationName = Release;
		};
/* End XCConfigurationList section */
	};
	rootObject = 08FB7793FE84155DC02AAC07 /* Project object */;
}
